// !$*UTF8*$!
{
	archiveVersion = 1;
	classes = {
	};
	objectVersion = 46;
	objects = {

/* Begin PBXBuildFile section */
		5226A96E1F01A2990080B75D /* Mocks.h in Headers */ = {isa = PBXBuildFile; fileRef = 5226A96C1F01A2990080B75D /* Mocks.h */; settings = {ATTRIBUTES = (Public, ); }; };
		5226A9711F01A2990080B75D /* Mocks.framework in Frameworks */ = {isa = PBXBuildFile; fileRef = 5226A96A1F01A2990080B75D /* Mocks.framework */; };
		5226A9721F01A2990080B75D /* Mocks.framework in Embed Frameworks */ = {isa = PBXBuildFile; fileRef = 5226A96A1F01A2990080B75D /* Mocks.framework */; settings = {ATTRIBUTES = (CodeSignOnCopy, RemoveHeadersOnCopy, ); }; };
		5226A9781F01A2B80080B75D /* JourneysMock.swift in Sources */ = {isa = PBXBuildFile; fileRef = 5226A9771F01A2B80080B75D /* JourneysMock.swift */; };
		5226A9791F01ABA90080B75D /* Model.framework in Frameworks */ = {isa = PBXBuildFile; fileRef = 529D504D1EFFB610001E3062 /* Model.framework */; };
		5226A97B1F02BA140080B75D /* JourneyHandler.swift in Sources */ = {isa = PBXBuildFile; fileRef = 5226A97A1F02BA140080B75D /* JourneyHandler.swift */; };
		5226A9831F02BA4A0080B75D /* TrackerTests.swift in Sources */ = {isa = PBXBuildFile; fileRef = 5226A9821F02BA4A0080B75D /* TrackerTests.swift */; };
		5226A9911F02BD2E0080B75D /* StoreTests.swift in Sources */ = {isa = PBXBuildFile; fileRef = 5226A9901F02BD2E0080B75D /* StoreTests.swift */; };
		5226A9931F02BD2E0080B75D /* Store.framework in Frameworks */ = {isa = PBXBuildFile; fileRef = 529FDDBC1F0041A0000E550A /* Store.framework */; };
		5295B6331F00508A00355381 /* StoredJourney+CoreDataClass.swift in Sources */ = {isa = PBXBuildFile; fileRef = 5295B62F1F00508A00355381 /* StoredJourney+CoreDataClass.swift */; };
		5295B6341F00508A00355381 /* StoredJourney+CoreDataProperties.swift in Sources */ = {isa = PBXBuildFile; fileRef = 5295B6301F00508A00355381 /* StoredJourney+CoreDataProperties.swift */; };
		5295B6351F00508A00355381 /* StoredPosition+CoreDataClass.swift in Sources */ = {isa = PBXBuildFile; fileRef = 5295B6311F00508A00355381 /* StoredPosition+CoreDataClass.swift */; };
		5295B6361F00508A00355381 /* StoredPosition+CoreDataProperties.swift in Sources */ = {isa = PBXBuildFile; fileRef = 5295B6321F00508A00355381 /* StoredPosition+CoreDataProperties.swift */; };
		5295B63A1F0050DB00355381 /* CoreDataStack.swift in Sources */ = {isa = PBXBuildFile; fileRef = 5295B6391F0050DB00355381 /* CoreDataStack.swift */; };
		5295B63C1F0054D700355381 /* NSManagedObjectExt.swift in Sources */ = {isa = PBXBuildFile; fileRef = 5295B63B1F0054D700355381 /* NSManagedObjectExt.swift */; };
		5295B6401F00570300355381 /* DataStorage.swift in Sources */ = {isa = PBXBuildFile; fileRef = 5295B63F1F00570300355381 /* DataStorage.swift */; };
		5295B6421F0057D800355381 /* StorageDataServiceProtocol.swift in Sources */ = {isa = PBXBuildFile; fileRef = 5295B6411F0057D800355381 /* StorageDataServiceProtocol.swift */; };
		5295B6471F00590D00355381 /* JourneyStorage.swift in Sources */ = {isa = PBXBuildFile; fileRef = 5295B6461F00590D00355381 /* JourneyStorage.swift */; };
		5295B66A1F01881B00355381 /* StoredJourney+Journey.swift in Sources */ = {isa = PBXBuildFile; fileRef = 5295B6691F01881B00355381 /* StoredJourney+Journey.swift */; };
		5295B66C1F01885500355381 /* StoredPosition+Position.swift in Sources */ = {isa = PBXBuildFile; fileRef = 5295B66B1F01885500355381 /* StoredPosition+Position.swift */; };
		529D50211EFDB830001E3062 /* AppDelegate.swift in Sources */ = {isa = PBXBuildFile; fileRef = 529D50201EFDB830001E3062 /* AppDelegate.swift */; };
		529D50231EFDB830001E3062 /* TrackingMapViewController.swift in Sources */ = {isa = PBXBuildFile; fileRef = 529D50221EFDB830001E3062 /* TrackingMapViewController.swift */; };
		529D50261EFDB830001E3062 /* Main.storyboard in Resources */ = {isa = PBXBuildFile; fileRef = 529D50241EFDB830001E3062 /* Main.storyboard */; };
		529D50281EFDB830001E3062 /* Assets.xcassets in Resources */ = {isa = PBXBuildFile; fileRef = 529D50271EFDB830001E3062 /* Assets.xcassets */; };
		529D502B1EFDB830001E3062 /* LaunchScreen.storyboard in Resources */ = {isa = PBXBuildFile; fileRef = 529D50291EFDB830001E3062 /* LaunchScreen.storyboard */; };
		529D503B1EFFAED7001E3062 /* TrackingHandler.h in Headers */ = {isa = PBXBuildFile; fileRef = 529D50391EFFAED7001E3062 /* TrackingHandler.h */; settings = {ATTRIBUTES = (Public, ); }; };
		529D503E1EFFAED7001E3062 /* TrackingHandler.framework in Frameworks */ = {isa = PBXBuildFile; fileRef = 529D50371EFFAED7001E3062 /* TrackingHandler.framework */; };
		529D503F1EFFAED7001E3062 /* TrackingHandler.framework in Embed Frameworks */ = {isa = PBXBuildFile; fileRef = 529D50371EFFAED7001E3062 /* TrackingHandler.framework */; settings = {ATTRIBUTES = (CodeSignOnCopy, RemoveHeadersOnCopy, ); }; };
		529D50451EFFAEE4001E3062 /* TrackingHandler.swift in Sources */ = {isa = PBXBuildFile; fileRef = 529D50441EFFAEE4001E3062 /* TrackingHandler.swift */; };
		529D50471EFFB57F001E3062 /* TrackingHandler+LocationManager.swift in Sources */ = {isa = PBXBuildFile; fileRef = 529D50461EFFB57F001E3062 /* TrackingHandler+LocationManager.swift */; };
		529D50511EFFB610001E3062 /* Model.h in Headers */ = {isa = PBXBuildFile; fileRef = 529D504F1EFFB610001E3062 /* Model.h */; settings = {ATTRIBUTES = (Public, ); }; };
		529D50541EFFB610001E3062 /* Model.framework in Frameworks */ = {isa = PBXBuildFile; fileRef = 529D504D1EFFB610001E3062 /* Model.framework */; };
		529D50551EFFB610001E3062 /* Model.framework in Embed Frameworks */ = {isa = PBXBuildFile; fileRef = 529D504D1EFFB610001E3062 /* Model.framework */; settings = {ATTRIBUTES = (CodeSignOnCopy, RemoveHeadersOnCopy, ); }; };
		529D505A1EFFB624001E3062 /* Position.swift in Sources */ = {isa = PBXBuildFile; fileRef = 529D50591EFFB624001E3062 /* Position.swift */; };
		529D505B1EFFB6C2001E3062 /* Model.framework in Frameworks */ = {isa = PBXBuildFile; fileRef = 529D504D1EFFB610001E3062 /* Model.framework */; };
		529D50681EFFBE7D001E3062 /* iOSKit.h in Headers */ = {isa = PBXBuildFile; fileRef = 529D50661EFFBE7D001E3062 /* iOSKit.h */; settings = {ATTRIBUTES = (Public, ); }; };
		529D506B1EFFBE7D001E3062 /* iOSKit.framework in Frameworks */ = {isa = PBXBuildFile; fileRef = 529D50641EFFBE7D001E3062 /* iOSKit.framework */; };
		529D506C1EFFBE7D001E3062 /* iOSKit.framework in Embed Frameworks */ = {isa = PBXBuildFile; fileRef = 529D50641EFFBE7D001E3062 /* iOSKit.framework */; settings = {ATTRIBUTES = (CodeSignOnCopy, RemoveHeadersOnCopy, ); }; };
		529D50731EFFC12C001E3062 /* View.swift in Sources */ = {isa = PBXBuildFile; fileRef = 529D50721EFFC12C001E3062 /* View.swift */; };
		529D50751EFFC1AB001E3062 /* MapView.swift in Sources */ = {isa = PBXBuildFile; fileRef = 529D50741EFFC1AB001E3062 /* MapView.swift */; };
		529D50771EFFC57E001E3062 /* UIView+Constraints.swift in Sources */ = {isa = PBXBuildFile; fileRef = 529D50761EFFC57E001E3062 /* UIView+Constraints.swift */; };
		529D507A1EFFC7F3001E3062 /* MapKit.framework in Frameworks */ = {isa = PBXBuildFile; fileRef = 529D50791EFFC7F3001E3062 /* MapKit.framework */; };
		529FDD8D1EFFCD56000E550A /* Journey.swift in Sources */ = {isa = PBXBuildFile; fileRef = 529FDD8C1EFFCD56000E550A /* Journey.swift */; };
		529FDDA21EFFFA58000E550A /* JourneyStatus.swift in Sources */ = {isa = PBXBuildFile; fileRef = 529FDDA11EFFFA58000E550A /* JourneyStatus.swift */; };
		529FDDA61F001471000E550A /* JourneysListViewController.swift in Sources */ = {isa = PBXBuildFile; fileRef = 529FDDA51F001471000E550A /* JourneysListViewController.swift */; };
		529FDDA81F001693000E550A /* RootViewController.swift in Sources */ = {isa = PBXBuildFile; fileRef = 529FDDA71F001693000E550A /* RootViewController.swift */; };
		529FDDAC1F0018FE000E550A /* ViewControllerFactory.swift in Sources */ = {isa = PBXBuildFile; fileRef = 529FDDAB1F0018FE000E550A /* ViewControllerFactory.swift */; };
		529FDDB01F001E78000E550A /* JourneysDataSource.swift in Sources */ = {isa = PBXBuildFile; fileRef = 529FDDAF1F001E78000E550A /* JourneysDataSource.swift */; };
		529FDDB31F002420000E550A /* JourneyDetailsViewController.swift in Sources */ = {isa = PBXBuildFile; fileRef = 529FDDB21F002420000E550A /* JourneyDetailsViewController.swift */; };
		529FDDB51F00277B000E550A /* JourneyDateFormatter.swift in Sources */ = {isa = PBXBuildFile; fileRef = 529FDDB41F00277B000E550A /* JourneyDateFormatter.swift */; };
		529FDDC01F0041A0000E550A /* Store.h in Headers */ = {isa = PBXBuildFile; fileRef = 529FDDBE1F0041A0000E550A /* Store.h */; settings = {ATTRIBUTES = (Public, ); }; };
		529FDDC31F0041A0000E550A /* Store.framework in Frameworks */ = {isa = PBXBuildFile; fileRef = 529FDDBC1F0041A0000E550A /* Store.framework */; };
		529FDDC41F0041A0000E550A /* Store.framework in Embed Frameworks */ = {isa = PBXBuildFile; fileRef = 529FDDBC1F0041A0000E550A /* Store.framework */; settings = {ATTRIBUTES = (CodeSignOnCopy, RemoveHeadersOnCopy, ); }; };
		529FDDCA1F0041CF000E550A /* Journeys.xcdatamodeld in Sources */ = {isa = PBXBuildFile; fileRef = 529FDDC81F0041CF000E550A /* Journeys.xcdatamodeld */; };
		52E7D7861F02E3CC00A0C207 /* Date+offset.swift in Sources */ = {isa = PBXBuildFile; fileRef = 52E7D7851F02E3CC00A0C207 /* Date+offset.swift */; };
		52E7D7881F02E58100A0C207 /* TimeIntervalExt.swift in Sources */ = {isa = PBXBuildFile; fileRef = 52E7D7871F02E58100A0C207 /* TimeIntervalExt.swift */; };
		52E7D78A1F02EE2C00A0C207 /* Double+rounding.swift in Sources */ = {isa = PBXBuildFile; fileRef = 52E7D7891F02EE2C00A0C207 /* Double+rounding.swift */; };
		52E7D78B1F02F70C00A0C207 /* iOSKit.framework in Frameworks */ = {isa = PBXBuildFile; fileRef = 529D50641EFFBE7D001E3062 /* iOSKit.framework */; };
		52E7D78C1F02FC0900A0C207 /* Model.framework in Frameworks */ = {isa = PBXBuildFile; fileRef = 529D504D1EFFB610001E3062 /* Model.framework */; };
		52E7D78D1F02FC3700A0C207 /* Store.framework in Frameworks */ = {isa = PBXBuildFile; fileRef = 529FDDBC1F0041A0000E550A /* Store.framework */; };
		52E7D78E1F02FC6000A0C207 /* iOSKit.framework in Frameworks */ = {isa = PBXBuildFile; fileRef = 529D50641EFFBE7D001E3062 /* iOSKit.framework */; };
		52E7D7901F04137700A0C207 /* LoginViewController.swift in Sources */ = {isa = PBXBuildFile; fileRef = 52E7D78F1F04137700A0C207 /* LoginViewController.swift */; };
		52E7D79A1F041B3800A0C207 /* Keychain.h in Headers */ = {isa = PBXBuildFile; fileRef = 52E7D7981F041B3800A0C207 /* Keychain.h */; settings = {ATTRIBUTES = (Public, ); }; };
		52E7D79D1F041B3800A0C207 /* Keychain.framework in Frameworks */ = {isa = PBXBuildFile; fileRef = 52E7D7961F041B3800A0C207 /* Keychain.framework */; };
		52E7D79E1F041B3800A0C207 /* Keychain.framework in Embed Frameworks */ = {isa = PBXBuildFile; fileRef = 52E7D7961F041B3800A0C207 /* Keychain.framework */; settings = {ATTRIBUTES = (CodeSignOnCopy, RemoveHeadersOnCopy, ); }; };
		52E7D7A31F041B4F00A0C207 /* KeychainItemAccessibility.swift in Sources */ = {isa = PBXBuildFile; fileRef = 52E7D7A21F041B4F00A0C207 /* KeychainItemAccessibility.swift */; };
		52E7D7A51F041B7000A0C207 /* KeychainWrapper.swift in Sources */ = {isa = PBXBuildFile; fileRef = 52E7D7A41F041B7000A0C207 /* KeychainWrapper.swift */; };
		52E7D7AF1F041B9300A0C207 /* Auth.h in Headers */ = {isa = PBXBuildFile; fileRef = 52E7D7AD1F041B9300A0C207 /* Auth.h */; settings = {ATTRIBUTES = (Public, ); }; };
		52E7D7B21F041B9300A0C207 /* Auth.framework in Frameworks */ = {isa = PBXBuildFile; fileRef = 52E7D7AB1F041B9300A0C207 /* Auth.framework */; };
		52E7D7B31F041B9300A0C207 /* Auth.framework in Embed Frameworks */ = {isa = PBXBuildFile; fileRef = 52E7D7AB1F041B9300A0C207 /* Auth.framework */; settings = {ATTRIBUTES = (CodeSignOnCopy, RemoveHeadersOnCopy, ); }; };
		52E7D7B81F041BA500A0C207 /* Auth.swift in Sources */ = {isa = PBXBuildFile; fileRef = 52E7D7B71F041BA500A0C207 /* Auth.swift */; };
		52E7D7B91F04230300A0C207 /* Keychain.framework in Frameworks */ = {isa = PBXBuildFile; fileRef = 52E7D7961F041B3800A0C207 /* Keychain.framework */; };
		52E7D7BB1F04245A00A0C207 /* AuthProtectedViewController.swift in Sources */ = {isa = PBXBuildFile; fileRef = 52E7D7BA1F04245A00A0C207 /* AuthProtectedViewController.swift */; };
		52E7D7BD1F04259300A0C207 /* ProfileViewController.swift in Sources */ = {isa = PBXBuildFile; fileRef = 52E7D7BC1F04259300A0C207 /* ProfileViewController.swift */; };
/* End PBXBuildFile section */

/* Begin PBXContainerItemProxy section */
		5226A96F1F01A2990080B75D /* PBXContainerItemProxy */ = {
			isa = PBXContainerItemProxy;
			containerPortal = 529D50151EFDB830001E3062 /* Project object */;
			proxyType = 1;
			remoteGlobalIDString = 5226A9691F01A2990080B75D;
			remoteInfo = Mocks;
		};
		5226A9851F02BA4A0080B75D /* PBXContainerItemProxy */ = {
			isa = PBXContainerItemProxy;
			containerPortal = 529D50151EFDB830001E3062 /* Project object */;
			proxyType = 1;
			remoteGlobalIDString = 529D501C1EFDB830001E3062;
			remoteInfo = Tracker;
		};
		5226A9941F02BD2E0080B75D /* PBXContainerItemProxy */ = {
			isa = PBXContainerItemProxy;
			containerPortal = 529D50151EFDB830001E3062 /* Project object */;
			proxyType = 1;
			remoteGlobalIDString = 529FDDBB1F0041A0000E550A;
			remoteInfo = Store;
		};
		529D503C1EFFAED7001E3062 /* PBXContainerItemProxy */ = {
			isa = PBXContainerItemProxy;
			containerPortal = 529D50151EFDB830001E3062 /* Project object */;
			proxyType = 1;
			remoteGlobalIDString = 529D50361EFFAED7001E3062;
			remoteInfo = TrackingHandler;
		};
		529D50521EFFB610001E3062 /* PBXContainerItemProxy */ = {
			isa = PBXContainerItemProxy;
			containerPortal = 529D50151EFDB830001E3062 /* Project object */;
			proxyType = 1;
			remoteGlobalIDString = 529D504C1EFFB610001E3062;
			remoteInfo = Model;
		};
		529D50691EFFBE7D001E3062 /* PBXContainerItemProxy */ = {
			isa = PBXContainerItemProxy;
			containerPortal = 529D50151EFDB830001E3062 /* Project object */;
			proxyType = 1;
			remoteGlobalIDString = 529D50631EFFBE7D001E3062;
			remoteInfo = iOSKit;
		};
		529FDDC11F0041A0000E550A /* PBXContainerItemProxy */ = {
			isa = PBXContainerItemProxy;
			containerPortal = 529D50151EFDB830001E3062 /* Project object */;
			proxyType = 1;
			remoteGlobalIDString = 529FDDBB1F0041A0000E550A;
			remoteInfo = Store;
		};
		52E7D79B1F041B3800A0C207 /* PBXContainerItemProxy */ = {
			isa = PBXContainerItemProxy;
			containerPortal = 529D50151EFDB830001E3062 /* Project object */;
			proxyType = 1;
			remoteGlobalIDString = 52E7D7951F041B3800A0C207;
			remoteInfo = Keychain;
		};
		52E7D7B01F041B9300A0C207 /* PBXContainerItemProxy */ = {
			isa = PBXContainerItemProxy;
			containerPortal = 529D50151EFDB830001E3062 /* Project object */;
			proxyType = 1;
			remoteGlobalIDString = 52E7D7AA1F041B9300A0C207;
			remoteInfo = Auth;
		};
/* End PBXContainerItemProxy section */

/* Begin PBXCopyFilesBuildPhase section */
		529D50431EFFAED7001E3062 /* Embed Frameworks */ = {
			isa = PBXCopyFilesBuildPhase;
			buildActionMask = 2147483647;
			dstPath = "";
			dstSubfolderSpec = 10;
			files = (
				52E7D79E1F041B3800A0C207 /* Keychain.framework in Embed Frameworks */,
				529D50551EFFB610001E3062 /* Model.framework in Embed Frameworks */,
				529D506C1EFFBE7D001E3062 /* iOSKit.framework in Embed Frameworks */,
				5226A9721F01A2990080B75D /* Mocks.framework in Embed Frameworks */,
				529FDDC41F0041A0000E550A /* Store.framework in Embed Frameworks */,
				529D503F1EFFAED7001E3062 /* TrackingHandler.framework in Embed Frameworks */,
				52E7D7B31F041B9300A0C207 /* Auth.framework in Embed Frameworks */,
			);
			name = "Embed Frameworks";
			runOnlyForDeploymentPostprocessing = 0;
		};
/* End PBXCopyFilesBuildPhase section */

/* Begin PBXFileReference section */
		5226A96A1F01A2990080B75D /* Mocks.framework */ = {isa = PBXFileReference; explicitFileType = wrapper.framework; includeInIndex = 0; path = Mocks.framework; sourceTree = BUILT_PRODUCTS_DIR; };
		5226A96C1F01A2990080B75D /* Mocks.h */ = {isa = PBXFileReference; lastKnownFileType = sourcecode.c.h; path = Mocks.h; sourceTree = "<group>"; };
		5226A96D1F01A2990080B75D /* Info.plist */ = {isa = PBXFileReference; lastKnownFileType = text.plist.xml; path = Info.plist; sourceTree = "<group>"; };
		5226A9771F01A2B80080B75D /* JourneysMock.swift */ = {isa = PBXFileReference; fileEncoding = 4; lastKnownFileType = sourcecode.swift; path = JourneysMock.swift; sourceTree = "<group>"; };
		5226A97A1F02BA140080B75D /* JourneyHandler.swift */ = {isa = PBXFileReference; fileEncoding = 4; lastKnownFileType = sourcecode.swift; path = JourneyHandler.swift; sourceTree = "<group>"; };
		5226A9801F02BA4A0080B75D /* TrackerTests.xctest */ = {isa = PBXFileReference; explicitFileType = wrapper.cfbundle; includeInIndex = 0; path = TrackerTests.xctest; sourceTree = BUILT_PRODUCTS_DIR; };
		5226A9821F02BA4A0080B75D /* TrackerTests.swift */ = {isa = PBXFileReference; lastKnownFileType = sourcecode.swift; path = TrackerTests.swift; sourceTree = "<group>"; };
		5226A9841F02BA4A0080B75D /* Info.plist */ = {isa = PBXFileReference; lastKnownFileType = text.plist.xml; path = Info.plist; sourceTree = "<group>"; };
		5226A98E1F02BD2E0080B75D /* StoreTests.xctest */ = {isa = PBXFileReference; explicitFileType = wrapper.cfbundle; includeInIndex = 0; path = StoreTests.xctest; sourceTree = BUILT_PRODUCTS_DIR; };
		5226A9901F02BD2E0080B75D /* StoreTests.swift */ = {isa = PBXFileReference; lastKnownFileType = sourcecode.swift; path = StoreTests.swift; sourceTree = "<group>"; };
		5226A9921F02BD2E0080B75D /* Info.plist */ = {isa = PBXFileReference; lastKnownFileType = text.plist.xml; path = Info.plist; sourceTree = "<group>"; };
		5295B62F1F00508A00355381 /* StoredJourney+CoreDataClass.swift */ = {isa = PBXFileReference; fileEncoding = 4; lastKnownFileType = sourcecode.swift; path = "StoredJourney+CoreDataClass.swift"; sourceTree = "<group>"; };
		5295B6301F00508A00355381 /* StoredJourney+CoreDataProperties.swift */ = {isa = PBXFileReference; fileEncoding = 4; lastKnownFileType = sourcecode.swift; path = "StoredJourney+CoreDataProperties.swift"; sourceTree = "<group>"; };
		5295B6311F00508A00355381 /* StoredPosition+CoreDataClass.swift */ = {isa = PBXFileReference; fileEncoding = 4; lastKnownFileType = sourcecode.swift; path = "StoredPosition+CoreDataClass.swift"; sourceTree = "<group>"; };
		5295B6321F00508A00355381 /* StoredPosition+CoreDataProperties.swift */ = {isa = PBXFileReference; fileEncoding = 4; lastKnownFileType = sourcecode.swift; path = "StoredPosition+CoreDataProperties.swift"; sourceTree = "<group>"; };
		5295B6391F0050DB00355381 /* CoreDataStack.swift */ = {isa = PBXFileReference; fileEncoding = 4; lastKnownFileType = sourcecode.swift; path = CoreDataStack.swift; sourceTree = "<group>"; };
		5295B63B1F0054D700355381 /* NSManagedObjectExt.swift */ = {isa = PBXFileReference; fileEncoding = 4; lastKnownFileType = sourcecode.swift; path = NSManagedObjectExt.swift; sourceTree = "<group>"; };
		5295B63F1F00570300355381 /* DataStorage.swift */ = {isa = PBXFileReference; fileEncoding = 4; lastKnownFileType = sourcecode.swift; path = DataStorage.swift; sourceTree = "<group>"; };
		5295B6411F0057D800355381 /* StorageDataServiceProtocol.swift */ = {isa = PBXFileReference; fileEncoding = 4; lastKnownFileType = sourcecode.swift; path = StorageDataServiceProtocol.swift; sourceTree = "<group>"; };
		5295B6461F00590D00355381 /* JourneyStorage.swift */ = {isa = PBXFileReference; fileEncoding = 4; lastKnownFileType = sourcecode.swift; path = JourneyStorage.swift; sourceTree = "<group>"; };
		5295B6691F01881B00355381 /* StoredJourney+Journey.swift */ = {isa = PBXFileReference; fileEncoding = 4; lastKnownFileType = sourcecode.swift; path = "StoredJourney+Journey.swift"; sourceTree = "<group>"; };
		5295B66B1F01885500355381 /* StoredPosition+Position.swift */ = {isa = PBXFileReference; fileEncoding = 4; lastKnownFileType = sourcecode.swift; path = "StoredPosition+Position.swift"; sourceTree = "<group>"; };
		529D501D1EFDB830001E3062 /* Tracker.app */ = {isa = PBXFileReference; explicitFileType = wrapper.application; includeInIndex = 0; path = Tracker.app; sourceTree = BUILT_PRODUCTS_DIR; };
		529D50201EFDB830001E3062 /* AppDelegate.swift */ = {isa = PBXFileReference; lastKnownFileType = sourcecode.swift; path = AppDelegate.swift; sourceTree = "<group>"; };
		529D50221EFDB830001E3062 /* TrackingMapViewController.swift */ = {isa = PBXFileReference; lastKnownFileType = sourcecode.swift; path = TrackingMapViewController.swift; sourceTree = "<group>"; };
		529D50251EFDB830001E3062 /* Base */ = {isa = PBXFileReference; lastKnownFileType = file.storyboard; name = Base; path = Base.lproj/Main.storyboard; sourceTree = "<group>"; };
		529D50271EFDB830001E3062 /* Assets.xcassets */ = {isa = PBXFileReference; lastKnownFileType = folder.assetcatalog; path = Assets.xcassets; sourceTree = "<group>"; };
		529D502A1EFDB830001E3062 /* Base */ = {isa = PBXFileReference; lastKnownFileType = file.storyboard; name = Base; path = Base.lproj/LaunchScreen.storyboard; sourceTree = "<group>"; };
		529D502C1EFDB830001E3062 /* Info.plist */ = {isa = PBXFileReference; lastKnownFileType = text.plist.xml; path = Info.plist; sourceTree = "<group>"; };
		529D50371EFFAED7001E3062 /* TrackingHandler.framework */ = {isa = PBXFileReference; explicitFileType = wrapper.framework; includeInIndex = 0; path = TrackingHandler.framework; sourceTree = BUILT_PRODUCTS_DIR; };
		529D50391EFFAED7001E3062 /* TrackingHandler.h */ = {isa = PBXFileReference; lastKnownFileType = sourcecode.c.h; path = TrackingHandler.h; sourceTree = "<group>"; };
		529D503A1EFFAED7001E3062 /* Info.plist */ = {isa = PBXFileReference; lastKnownFileType = text.plist.xml; path = Info.plist; sourceTree = "<group>"; };
		529D50441EFFAEE4001E3062 /* TrackingHandler.swift */ = {isa = PBXFileReference; fileEncoding = 4; lastKnownFileType = sourcecode.swift; path = TrackingHandler.swift; sourceTree = "<group>"; };
		529D50461EFFB57F001E3062 /* TrackingHandler+LocationManager.swift */ = {isa = PBXFileReference; fileEncoding = 4; lastKnownFileType = sourcecode.swift; path = "TrackingHandler+LocationManager.swift"; sourceTree = "<group>"; };
		529D504D1EFFB610001E3062 /* Model.framework */ = {isa = PBXFileReference; explicitFileType = wrapper.framework; includeInIndex = 0; path = Model.framework; sourceTree = BUILT_PRODUCTS_DIR; };
		529D504F1EFFB610001E3062 /* Model.h */ = {isa = PBXFileReference; lastKnownFileType = sourcecode.c.h; path = Model.h; sourceTree = "<group>"; };
		529D50501EFFB610001E3062 /* Info.plist */ = {isa = PBXFileReference; lastKnownFileType = text.plist.xml; path = Info.plist; sourceTree = "<group>"; };
		529D50591EFFB624001E3062 /* Position.swift */ = {isa = PBXFileReference; fileEncoding = 4; lastKnownFileType = sourcecode.swift; path = Position.swift; sourceTree = "<group>"; };
		529D50641EFFBE7D001E3062 /* iOSKit.framework */ = {isa = PBXFileReference; explicitFileType = wrapper.framework; includeInIndex = 0; path = iOSKit.framework; sourceTree = BUILT_PRODUCTS_DIR; };
		529D50661EFFBE7D001E3062 /* iOSKit.h */ = {isa = PBXFileReference; lastKnownFileType = sourcecode.c.h; path = iOSKit.h; sourceTree = "<group>"; };
		529D50671EFFBE7D001E3062 /* Info.plist */ = {isa = PBXFileReference; lastKnownFileType = text.plist.xml; path = Info.plist; sourceTree = "<group>"; };
		529D50721EFFC12C001E3062 /* View.swift */ = {isa = PBXFileReference; fileEncoding = 4; lastKnownFileType = sourcecode.swift; path = View.swift; sourceTree = "<group>"; };
		529D50741EFFC1AB001E3062 /* MapView.swift */ = {isa = PBXFileReference; fileEncoding = 4; lastKnownFileType = sourcecode.swift; path = MapView.swift; sourceTree = "<group>"; };
		529D50761EFFC57E001E3062 /* UIView+Constraints.swift */ = {isa = PBXFileReference; fileEncoding = 4; lastKnownFileType = sourcecode.swift; path = "UIView+Constraints.swift"; sourceTree = "<group>"; };
		529D50791EFFC7F3001E3062 /* MapKit.framework */ = {isa = PBXFileReference; lastKnownFileType = wrapper.framework; name = MapKit.framework; path = System/Library/Frameworks/MapKit.framework; sourceTree = SDKROOT; };
		529FDD8C1EFFCD56000E550A /* Journey.swift */ = {isa = PBXFileReference; fileEncoding = 4; lastKnownFileType = sourcecode.swift; path = Journey.swift; sourceTree = "<group>"; };
		529FDDA11EFFFA58000E550A /* JourneyStatus.swift */ = {isa = PBXFileReference; fileEncoding = 4; lastKnownFileType = sourcecode.swift; path = JourneyStatus.swift; sourceTree = "<group>"; };
		529FDDA51F001471000E550A /* JourneysListViewController.swift */ = {isa = PBXFileReference; fileEncoding = 4; lastKnownFileType = sourcecode.swift; path = JourneysListViewController.swift; sourceTree = "<group>"; };
		529FDDA71F001693000E550A /* RootViewController.swift */ = {isa = PBXFileReference; fileEncoding = 4; lastKnownFileType = sourcecode.swift; path = RootViewController.swift; sourceTree = "<group>"; };
		529FDDAB1F0018FE000E550A /* ViewControllerFactory.swift */ = {isa = PBXFileReference; fileEncoding = 4; lastKnownFileType = sourcecode.swift; path = ViewControllerFactory.swift; sourceTree = "<group>"; };
		529FDDAF1F001E78000E550A /* JourneysDataSource.swift */ = {isa = PBXFileReference; fileEncoding = 4; lastKnownFileType = sourcecode.swift; path = JourneysDataSource.swift; sourceTree = "<group>"; };
		529FDDB21F002420000E550A /* JourneyDetailsViewController.swift */ = {isa = PBXFileReference; fileEncoding = 4; lastKnownFileType = sourcecode.swift; path = JourneyDetailsViewController.swift; sourceTree = "<group>"; };
		529FDDB41F00277B000E550A /* JourneyDateFormatter.swift */ = {isa = PBXFileReference; fileEncoding = 4; lastKnownFileType = sourcecode.swift; path = JourneyDateFormatter.swift; sourceTree = "<group>"; };
		529FDDBC1F0041A0000E550A /* Store.framework */ = {isa = PBXFileReference; explicitFileType = wrapper.framework; includeInIndex = 0; path = Store.framework; sourceTree = BUILT_PRODUCTS_DIR; };
		529FDDBE1F0041A0000E550A /* Store.h */ = {isa = PBXFileReference; lastKnownFileType = sourcecode.c.h; path = Store.h; sourceTree = "<group>"; };
		529FDDBF1F0041A0000E550A /* Info.plist */ = {isa = PBXFileReference; lastKnownFileType = text.plist.xml; path = Info.plist; sourceTree = "<group>"; };
		529FDDC91F0041CF000E550A /* Journeys.xcdatamodel */ = {isa = PBXFileReference; lastKnownFileType = wrapper.xcdatamodel; path = Journeys.xcdatamodel; sourceTree = "<group>"; };
		52E7D7851F02E3CC00A0C207 /* Date+offset.swift */ = {isa = PBXFileReference; fileEncoding = 4; lastKnownFileType = sourcecode.swift; path = "Date+offset.swift"; sourceTree = "<group>"; };
		52E7D7871F02E58100A0C207 /* TimeIntervalExt.swift */ = {isa = PBXFileReference; fileEncoding = 4; lastKnownFileType = sourcecode.swift; path = TimeIntervalExt.swift; sourceTree = "<group>"; };
		52E7D7891F02EE2C00A0C207 /* Double+rounding.swift */ = {isa = PBXFileReference; fileEncoding = 4; lastKnownFileType = sourcecode.swift; path = "Double+rounding.swift"; sourceTree = "<group>"; };
		52E7D78F1F04137700A0C207 /* LoginViewController.swift */ = {isa = PBXFileReference; fileEncoding = 4; lastKnownFileType = sourcecode.swift; path = LoginViewController.swift; sourceTree = "<group>"; };
		52E7D7961F041B3800A0C207 /* Keychain.framework */ = {isa = PBXFileReference; explicitFileType = wrapper.framework; includeInIndex = 0; path = Keychain.framework; sourceTree = BUILT_PRODUCTS_DIR; };
		52E7D7981F041B3800A0C207 /* Keychain.h */ = {isa = PBXFileReference; lastKnownFileType = sourcecode.c.h; path = Keychain.h; sourceTree = "<group>"; };
		52E7D7991F041B3800A0C207 /* Info.plist */ = {isa = PBXFileReference; lastKnownFileType = text.plist.xml; path = Info.plist; sourceTree = "<group>"; };
		52E7D7A21F041B4F00A0C207 /* KeychainItemAccessibility.swift */ = {isa = PBXFileReference; fileEncoding = 4; lastKnownFileType = sourcecode.swift; path = KeychainItemAccessibility.swift; sourceTree = "<group>"; };
		52E7D7A41F041B7000A0C207 /* KeychainWrapper.swift */ = {isa = PBXFileReference; fileEncoding = 4; lastKnownFileType = sourcecode.swift; path = KeychainWrapper.swift; sourceTree = "<group>"; };
		52E7D7AB1F041B9300A0C207 /* Auth.framework */ = {isa = PBXFileReference; explicitFileType = wrapper.framework; includeInIndex = 0; path = Auth.framework; sourceTree = BUILT_PRODUCTS_DIR; };
		52E7D7AD1F041B9300A0C207 /* Auth.h */ = {isa = PBXFileReference; lastKnownFileType = sourcecode.c.h; path = Auth.h; sourceTree = "<group>"; };
		52E7D7AE1F041B9300A0C207 /* Info.plist */ = {isa = PBXFileReference; lastKnownFileType = text.plist.xml; path = Info.plist; sourceTree = "<group>"; };
		52E7D7B71F041BA500A0C207 /* Auth.swift */ = {isa = PBXFileReference; fileEncoding = 4; lastKnownFileType = sourcecode.swift; path = Auth.swift; sourceTree = "<group>"; };
		52E7D7BA1F04245A00A0C207 /* AuthProtectedViewController.swift */ = {isa = PBXFileReference; fileEncoding = 4; lastKnownFileType = sourcecode.swift; path = AuthProtectedViewController.swift; sourceTree = "<group>"; };
		52E7D7BC1F04259300A0C207 /* ProfileViewController.swift */ = {isa = PBXFileReference; fileEncoding = 4; lastKnownFileType = sourcecode.swift; path = ProfileViewController.swift; sourceTree = "<group>"; };
/* End PBXFileReference section */

/* Begin PBXFrameworksBuildPhase section */
		5226A9661F01A2990080B75D /* Frameworks */ = {
			isa = PBXFrameworksBuildPhase;
			buildActionMask = 2147483647;
			files = (
				52E7D78E1F02FC6000A0C207 /* iOSKit.framework in Frameworks */,
				5226A9791F01ABA90080B75D /* Model.framework in Frameworks */,
			);
			runOnlyForDeploymentPostprocessing = 0;
		};
		5226A97D1F02BA4A0080B75D /* Frameworks */ = {
			isa = PBXFrameworksBuildPhase;
			buildActionMask = 2147483647;
			files = (
			);
			runOnlyForDeploymentPostprocessing = 0;
		};
		5226A98B1F02BD2E0080B75D /* Frameworks */ = {
			isa = PBXFrameworksBuildPhase;
			buildActionMask = 2147483647;
			files = (
				5226A9931F02BD2E0080B75D /* Store.framework in Frameworks */,
			);
			runOnlyForDeploymentPostprocessing = 0;
		};
		529D501A1EFDB830001E3062 /* Frameworks */ = {
			isa = PBXFrameworksBuildPhase;
			buildActionMask = 2147483647;
			files = (
				529D50541EFFB610001E3062 /* Model.framework in Frameworks */,
				52E7D79D1F041B3800A0C207 /* Keychain.framework in Frameworks */,
				5226A9711F01A2990080B75D /* Mocks.framework in Frameworks */,
				529FDDC31F0041A0000E550A /* Store.framework in Frameworks */,
				52E7D7B21F041B9300A0C207 /* Auth.framework in Frameworks */,
				529D503E1EFFAED7001E3062 /* TrackingHandler.framework in Frameworks */,
				529D506B1EFFBE7D001E3062 /* iOSKit.framework in Frameworks */,
				529D507A1EFFC7F3001E3062 /* MapKit.framework in Frameworks */,
			);
			runOnlyForDeploymentPostprocessing = 0;
		};
		529D50331EFFAED7001E3062 /* Frameworks */ = {
			isa = PBXFrameworksBuildPhase;
			buildActionMask = 2147483647;
			files = (
				52E7D78D1F02FC3700A0C207 /* Store.framework in Frameworks */,
				529D505B1EFFB6C2001E3062 /* Model.framework in Frameworks */,
			);
			runOnlyForDeploymentPostprocessing = 0;
		};
		529D50491EFFB610001E3062 /* Frameworks */ = {
			isa = PBXFrameworksBuildPhase;
			buildActionMask = 2147483647;
			files = (
				52E7D78B1F02F70C00A0C207 /* iOSKit.framework in Frameworks */,
			);
			runOnlyForDeploymentPostprocessing = 0;
		};
		529D50601EFFBE7D001E3062 /* Frameworks */ = {
			isa = PBXFrameworksBuildPhase;
			buildActionMask = 2147483647;
			files = (
			);
			runOnlyForDeploymentPostprocessing = 0;
		};
		529FDDB81F0041A0000E550A /* Frameworks */ = {
			isa = PBXFrameworksBuildPhase;
			buildActionMask = 2147483647;
			files = (
				52E7D78C1F02FC0900A0C207 /* Model.framework in Frameworks */,
			);
			runOnlyForDeploymentPostprocessing = 0;
		};
		52E7D7921F041B3800A0C207 /* Frameworks */ = {
			isa = PBXFrameworksBuildPhase;
			buildActionMask = 2147483647;
			files = (
			);
			runOnlyForDeploymentPostprocessing = 0;
		};
		52E7D7A71F041B9300A0C207 /* Frameworks */ = {
			isa = PBXFrameworksBuildPhase;
			buildActionMask = 2147483647;
			files = (
				52E7D7B91F04230300A0C207 /* Keychain.framework in Frameworks */,
			);
			runOnlyForDeploymentPostprocessing = 0;
		};
/* End PBXFrameworksBuildPhase section */

/* Begin PBXGroup section */
		5226A9601F01A1160080B75D /* Other */ = {
			isa = PBXGroup;
			children = (
				529D50661EFFBE7D001E3062 /* iOSKit.h */,
				529D50671EFFBE7D001E3062 /* Info.plist */,
			);
			name = Other;
			sourceTree = "<group>";
		};
		5226A9611F01A1210080B75D /* controls */ = {
			isa = PBXGroup;
			children = (
				529D50721EFFC12C001E3062 /* View.swift */,
			);
			name = controls;
			sourceTree = "<group>";
		};
		5226A9621F01A1340080B75D /* other */ = {
			isa = PBXGroup;
			children = (
				529D504F1EFFB610001E3062 /* Model.h */,
				529D50501EFFB610001E3062 /* Info.plist */,
			);
			name = other;
			sourceTree = "<group>";
		};
		5226A9631F01A13A0080B75D /* other */ = {
			isa = PBXGroup;
			children = (
				529D50391EFFAED7001E3062 /* TrackingHandler.h */,
				529D503A1EFFAED7001E3062 /* Info.plist */,
			);
			name = other;
			sourceTree = "<group>";
		};
		5226A9641F01A1460080B75D /* other */ = {
			isa = PBXGroup;
			children = (
				529FDDBE1F0041A0000E550A /* Store.h */,
				529FDDBF1F0041A0000E550A /* Info.plist */,
			);
			name = other;
			sourceTree = "<group>";
		};
		5226A96B1F01A2990080B75D /* Mocks */ = {
			isa = PBXGroup;
			children = (
				5226A9761F01A2A30080B75D /* other */,
				5226A9771F01A2B80080B75D /* JourneysMock.swift */,
			);
			path = Mocks;
			sourceTree = "<group>";
		};
		5226A9761F01A2A30080B75D /* other */ = {
			isa = PBXGroup;
			children = (
				5226A96C1F01A2990080B75D /* Mocks.h */,
				5226A96D1F01A2990080B75D /* Info.plist */,
			);
			name = other;
			sourceTree = "<group>";
		};
		5226A9811F02BA4A0080B75D /* TrackerTests */ = {
			isa = PBXGroup;
			children = (
				5226A9821F02BA4A0080B75D /* TrackerTests.swift */,
				5226A9841F02BA4A0080B75D /* Info.plist */,
			);
			path = TrackerTests;
			sourceTree = "<group>";
		};
		5226A98F1F02BD2E0080B75D /* StoreTests */ = {
			isa = PBXGroup;
			children = (
				5226A9901F02BD2E0080B75D /* StoreTests.swift */,
				5226A9921F02BD2E0080B75D /* Info.plist */,
			);
			path = StoreTests;
			sourceTree = "<group>";
		};
		5295B6371F0050B000355381 /* StoredPosition */ = {
			isa = PBXGroup;
			children = (
				5295B6311F00508A00355381 /* StoredPosition+CoreDataClass.swift */,
				5295B6321F00508A00355381 /* StoredPosition+CoreDataProperties.swift */,
				5295B66B1F01885500355381 /* StoredPosition+Position.swift */,
			);
			name = StoredPosition;
			sourceTree = "<group>";
		};
		5295B6381F0050B900355381 /* StoredJourney */ = {
			isa = PBXGroup;
			children = (
				5295B62F1F00508A00355381 /* StoredJourney+CoreDataClass.swift */,
				5295B6301F00508A00355381 /* StoredJourney+CoreDataProperties.swift */,
				5295B6691F01881B00355381 /* StoredJourney+Journey.swift */,
			);
			name = StoredJourney;
			sourceTree = "<group>";
		};
		5295B6451F00589200355381 /* Storage */ = {
			isa = PBXGroup;
			children = (
				5295B63F1F00570300355381 /* DataStorage.swift */,
				5295B6411F0057D800355381 /* StorageDataServiceProtocol.swift */,
				5295B6461F00590D00355381 /* JourneyStorage.swift */,
			);
			name = Storage;
			sourceTree = "<group>";
		};
		529D50141EFDB830001E3062 = {
			isa = PBXGroup;
			children = (
				529D501F1EFDB830001E3062 /* Tracker */,
				5226A9811F02BA4A0080B75D /* TrackerTests */,
				529D50381EFFAED7001E3062 /* TrackingHandler */,
				529D504E1EFFB610001E3062 /* Model */,
				529D50651EFFBE7D001E3062 /* iOSKit */,
				529FDDBD1F0041A0000E550A /* Store */,
				5226A96B1F01A2990080B75D /* Mocks */,
				5226A98F1F02BD2E0080B75D /* StoreTests */,
				52E7D7971F041B3800A0C207 /* Keychain */,
				52E7D7AC1F041B9300A0C207 /* Auth */,
				529D501E1EFDB830001E3062 /* Products */,
				529D505C1EFFBA87001E3062 /* Frameworks */,
			);
			sourceTree = "<group>";
		};
		529D501E1EFDB830001E3062 /* Products */ = {
			isa = PBXGroup;
			children = (
				529D501D1EFDB830001E3062 /* Tracker.app */,
				529D50371EFFAED7001E3062 /* TrackingHandler.framework */,
				529D504D1EFFB610001E3062 /* Model.framework */,
				529D50641EFFBE7D001E3062 /* iOSKit.framework */,
				529FDDBC1F0041A0000E550A /* Store.framework */,
				5226A96A1F01A2990080B75D /* Mocks.framework */,
				5226A9801F02BA4A0080B75D /* TrackerTests.xctest */,
				5226A98E1F02BD2E0080B75D /* StoreTests.xctest */,
				52E7D7961F041B3800A0C207 /* Keychain.framework */,
				52E7D7AB1F041B9300A0C207 /* Auth.framework */,
			);
			name = Products;
			sourceTree = "<group>";
		};
		529D501F1EFDB830001E3062 /* Tracker */ = {
			isa = PBXGroup;
			children = (
				529D50201EFDB830001E3062 /* AppDelegate.swift */,
				529FDDA41F00145E000E550A /* Views */,
				529FDDA31F001450000E550A /* Controllers */,
				529D50241EFDB830001E3062 /* Main.storyboard */,
				529D50271EFDB830001E3062 /* Assets.xcassets */,
				529D50291EFDB830001E3062 /* LaunchScreen.storyboard */,
				529D502C1EFDB830001E3062 /* Info.plist */,
			);
			path = Tracker;
			sourceTree = "<group>";
		};
		529D50381EFFAED7001E3062 /* TrackingHandler */ = {
			isa = PBXGroup;
			children = (
				5226A9631F01A13A0080B75D /* other */,
				5226A97A1F02BA140080B75D /* JourneyHandler.swift */,
				529D50441EFFAEE4001E3062 /* TrackingHandler.swift */,
				529D50461EFFB57F001E3062 /* TrackingHandler+LocationManager.swift */,
				529FDDA11EFFFA58000E550A /* JourneyStatus.swift */,
			);
			path = TrackingHandler;
			sourceTree = "<group>";
		};
		529D504E1EFFB610001E3062 /* Model */ = {
			isa = PBXGroup;
			children = (
				5226A9621F01A1340080B75D /* other */,
				529D50591EFFB624001E3062 /* Position.swift */,
				529FDD8C1EFFCD56000E550A /* Journey.swift */,
			);
			path = Model;
			sourceTree = "<group>";
		};
		529D505C1EFFBA87001E3062 /* Frameworks */ = {
			isa = PBXGroup;
			children = (
				529D50791EFFC7F3001E3062 /* MapKit.framework */,
			);
			name = Frameworks;
			sourceTree = "<group>";
		};
		529D50651EFFBE7D001E3062 /* iOSKit */ = {
			isa = PBXGroup;
			children = (
				5226A9601F01A1160080B75D /* Other */,
				529D50781EFFC5BA001E3062 /* Extensions */,
				5226A9611F01A1210080B75D /* controls */,
				529FDDB41F00277B000E550A /* JourneyDateFormatter.swift */,
			);
			path = iOSKit;
			sourceTree = "<group>";
		};
		529D50781EFFC5BA001E3062 /* Extensions */ = {
			isa = PBXGroup;
			children = (
				529D50761EFFC57E001E3062 /* UIView+Constraints.swift */,
				52E7D7851F02E3CC00A0C207 /* Date+offset.swift */,
				52E7D7871F02E58100A0C207 /* TimeIntervalExt.swift */,
				52E7D7891F02EE2C00A0C207 /* Double+rounding.swift */,
			);
			name = Extensions;
			sourceTree = "<group>";
		};
		529FDDA31F001450000E550A /* Controllers */ = {
			isa = PBXGroup;
			children = (
				529FDDAD1F001E57000E550A /* ConmmonControllers */,
				52E7D7BE1F04259900A0C207 /* Profile */,
				529FDDB61F003C24000E550A /* Track */,
				529FDDAE1F001E65000E550A /* Journeys */,
				52E7D78F1F04137700A0C207 /* LoginViewController.swift */,
			);
			name = Controllers;
			sourceTree = "<group>";
		};
		529FDDA41F00145E000E550A /* Views */ = {
			isa = PBXGroup;
			children = (
				529D50741EFFC1AB001E3062 /* MapView.swift */,
			);
			name = Views;
			sourceTree = "<group>";
		};
		529FDDAD1F001E57000E550A /* ConmmonControllers */ = {
			isa = PBXGroup;
			children = (
				529FDDA71F001693000E550A /* RootViewController.swift */,
				529FDDAB1F0018FE000E550A /* ViewControllerFactory.swift */,
			);
			name = ConmmonControllers;
			sourceTree = "<group>";
		};
		529FDDAE1F001E65000E550A /* Journeys */ = {
			isa = PBXGroup;
			children = (
				529FDDA51F001471000E550A /* JourneysListViewController.swift */,
				529FDDAF1F001E78000E550A /* JourneysDataSource.swift */,
				529FDDB21F002420000E550A /* JourneyDetailsViewController.swift */,
				52E7D7BA1F04245A00A0C207 /* AuthProtectedViewController.swift */,
			);
			name = Journeys;
			sourceTree = "<group>";
		};
		529FDDB61F003C24000E550A /* Track */ = {
			isa = PBXGroup;
			children = (
				529D50221EFDB830001E3062 /* TrackingMapViewController.swift */,
			);
			name = Track;
			sourceTree = "<group>";
		};
		529FDDBD1F0041A0000E550A /* Store */ = {
			isa = PBXGroup;
			children = (
				5295B6381F0050B900355381 /* StoredJourney */,
				5295B6371F0050B000355381 /* StoredPosition */,
				5295B6451F00589200355381 /* Storage */,
				5226A9641F01A1460080B75D /* other */,
				529FDDC81F0041CF000E550A /* Journeys.xcdatamodeld */,
				5295B6391F0050DB00355381 /* CoreDataStack.swift */,
				5295B63B1F0054D700355381 /* NSManagedObjectExt.swift */,
			);
			path = Store;
			sourceTree = "<group>";
		};
		52E7D7971F041B3800A0C207 /* Keychain */ = {
			isa = PBXGroup;
			children = (
				52E7D7981F041B3800A0C207 /* Keychain.h */,
				52E7D7991F041B3800A0C207 /* Info.plist */,
				52E7D7A21F041B4F00A0C207 /* KeychainItemAccessibility.swift */,
				52E7D7A41F041B7000A0C207 /* KeychainWrapper.swift */,
			);
			path = Keychain;
			sourceTree = "<group>";
		};
		52E7D7AC1F041B9300A0C207 /* Auth */ = {
			isa = PBXGroup;
			children = (
				52E7D7AD1F041B9300A0C207 /* Auth.h */,
				52E7D7AE1F041B9300A0C207 /* Info.plist */,
				52E7D7B71F041BA500A0C207 /* Auth.swift */,
			);
			path = Auth;
			sourceTree = "<group>";
		};
		52E7D7BE1F04259900A0C207 /* Profile */ = {
			isa = PBXGroup;
			children = (
				52E7D7BC1F04259300A0C207 /* ProfileViewController.swift */,
			);
			name = Profile;
			sourceTree = "<group>";
		};
/* End PBXGroup section */

/* Begin PBXHeadersBuildPhase section */
		5226A9671F01A2990080B75D /* Headers */ = {
			isa = PBXHeadersBuildPhase;
			buildActionMask = 2147483647;
			files = (
				5226A96E1F01A2990080B75D /* Mocks.h in Headers */,
			);
			runOnlyForDeploymentPostprocessing = 0;
		};
		529D50341EFFAED7001E3062 /* Headers */ = {
			isa = PBXHeadersBuildPhase;
			buildActionMask = 2147483647;
			files = (
				529D503B1EFFAED7001E3062 /* TrackingHandler.h in Headers */,
			);
			runOnlyForDeploymentPostprocessing = 0;
		};
		529D504A1EFFB610001E3062 /* Headers */ = {
			isa = PBXHeadersBuildPhase;
			buildActionMask = 2147483647;
			files = (
				529D50511EFFB610001E3062 /* Model.h in Headers */,
			);
			runOnlyForDeploymentPostprocessing = 0;
		};
		529D50611EFFBE7D001E3062 /* Headers */ = {
			isa = PBXHeadersBuildPhase;
			buildActionMask = 2147483647;
			files = (
				529D50681EFFBE7D001E3062 /* iOSKit.h in Headers */,
			);
			runOnlyForDeploymentPostprocessing = 0;
		};
		529FDDB91F0041A0000E550A /* Headers */ = {
			isa = PBXHeadersBuildPhase;
			buildActionMask = 2147483647;
			files = (
				529FDDC01F0041A0000E550A /* Store.h in Headers */,
			);
			runOnlyForDeploymentPostprocessing = 0;
		};
		52E7D7931F041B3800A0C207 /* Headers */ = {
			isa = PBXHeadersBuildPhase;
			buildActionMask = 2147483647;
			files = (
				52E7D79A1F041B3800A0C207 /* Keychain.h in Headers */,
			);
			runOnlyForDeploymentPostprocessing = 0;
		};
		52E7D7A81F041B9300A0C207 /* Headers */ = {
			isa = PBXHeadersBuildPhase;
			buildActionMask = 2147483647;
			files = (
				52E7D7AF1F041B9300A0C207 /* Auth.h in Headers */,
			);
			runOnlyForDeploymentPostprocessing = 0;
		};
/* End PBXHeadersBuildPhase section */

/* Begin PBXNativeTarget section */
		5226A9691F01A2990080B75D /* Mocks */ = {
			isa = PBXNativeTarget;
			buildConfigurationList = 5226A9731F01A2990080B75D /* Build configuration list for PBXNativeTarget "Mocks" */;
			buildPhases = (
				5226A9651F01A2990080B75D /* Sources */,
				5226A9661F01A2990080B75D /* Frameworks */,
				5226A9671F01A2990080B75D /* Headers */,
				5226A9681F01A2990080B75D /* Resources */,
			);
			buildRules = (
			);
			dependencies = (
			);
			name = Mocks;
			productName = Mocks;
			productReference = 5226A96A1F01A2990080B75D /* Mocks.framework */;
			productType = "com.apple.product-type.framework";
		};
		5226A97F1F02BA4A0080B75D /* TrackerTests */ = {
			isa = PBXNativeTarget;
			buildConfigurationList = 5226A9871F02BA4A0080B75D /* Build configuration list for PBXNativeTarget "TrackerTests" */;
			buildPhases = (
				5226A97C1F02BA4A0080B75D /* Sources */,
				5226A97D1F02BA4A0080B75D /* Frameworks */,
				5226A97E1F02BA4A0080B75D /* Resources */,
			);
			buildRules = (
			);
			dependencies = (
				5226A9861F02BA4A0080B75D /* PBXTargetDependency */,
			);
			name = TrackerTests;
			productName = TrackerTests;
			productReference = 5226A9801F02BA4A0080B75D /* TrackerTests.xctest */;
			productType = "com.apple.product-type.bundle.unit-test";
		};
		5226A98D1F02BD2E0080B75D /* StoreTests */ = {
			isa = PBXNativeTarget;
			buildConfigurationList = 5226A9961F02BD2E0080B75D /* Build configuration list for PBXNativeTarget "StoreTests" */;
			buildPhases = (
				5226A98A1F02BD2E0080B75D /* Sources */,
				5226A98B1F02BD2E0080B75D /* Frameworks */,
				5226A98C1F02BD2E0080B75D /* Resources */,
			);
			buildRules = (
			);
			dependencies = (
				5226A9951F02BD2E0080B75D /* PBXTargetDependency */,
			);
			name = StoreTests;
			productName = StoreTests;
			productReference = 5226A98E1F02BD2E0080B75D /* StoreTests.xctest */;
			productType = "com.apple.product-type.bundle.unit-test";
		};
		529D501C1EFDB830001E3062 /* Tracker */ = {
			isa = PBXNativeTarget;
			buildConfigurationList = 529D502F1EFDB830001E3062 /* Build configuration list for PBXNativeTarget "Tracker" */;
			buildPhases = (
				529D50191EFDB830001E3062 /* Sources */,
				529D501A1EFDB830001E3062 /* Frameworks */,
				529D501B1EFDB830001E3062 /* Resources */,
				529D50431EFFAED7001E3062 /* Embed Frameworks */,
			);
			buildRules = (
			);
			dependencies = (
				529D506A1EFFBE7D001E3062 /* PBXTargetDependency */,
				529D50531EFFB610001E3062 /* PBXTargetDependency */,
				529FDDC21F0041A0000E550A /* PBXTargetDependency */,
				529D503D1EFFAED7001E3062 /* PBXTargetDependency */,
				5226A9701F01A2990080B75D /* PBXTargetDependency */,
				52E7D79C1F041B3800A0C207 /* PBXTargetDependency */,
				52E7D7B11F041B9300A0C207 /* PBXTargetDependency */,
			);
			name = Tracker;
			productName = Tracker;
			productReference = 529D501D1EFDB830001E3062 /* Tracker.app */;
			productType = "com.apple.product-type.application";
		};
		529D50361EFFAED7001E3062 /* TrackingHandler */ = {
			isa = PBXNativeTarget;
			buildConfigurationList = 529D50401EFFAED7001E3062 /* Build configuration list for PBXNativeTarget "TrackingHandler" */;
			buildPhases = (
				529D50321EFFAED7001E3062 /* Sources */,
				529D50331EFFAED7001E3062 /* Frameworks */,
				529D50341EFFAED7001E3062 /* Headers */,
				529D50351EFFAED7001E3062 /* Resources */,
			);
			buildRules = (
			);
			dependencies = (
			);
			name = TrackingHandler;
			productName = TrackingHandler;
			productReference = 529D50371EFFAED7001E3062 /* TrackingHandler.framework */;
			productType = "com.apple.product-type.framework";
		};
		529D504C1EFFB610001E3062 /* Model */ = {
			isa = PBXNativeTarget;
			buildConfigurationList = 529D50561EFFB610001E3062 /* Build configuration list for PBXNativeTarget "Model" */;
			buildPhases = (
				529D50481EFFB610001E3062 /* Sources */,
				529D50491EFFB610001E3062 /* Frameworks */,
				529D504A1EFFB610001E3062 /* Headers */,
				529D504B1EFFB610001E3062 /* Resources */,
			);
			buildRules = (
			);
			dependencies = (
			);
			name = Model;
			productName = Model;
			productReference = 529D504D1EFFB610001E3062 /* Model.framework */;
			productType = "com.apple.product-type.framework";
		};
		529D50631EFFBE7D001E3062 /* iOSKit */ = {
			isa = PBXNativeTarget;
			buildConfigurationList = 529D506D1EFFBE7D001E3062 /* Build configuration list for PBXNativeTarget "iOSKit" */;
			buildPhases = (
				529D505F1EFFBE7D001E3062 /* Sources */,
				529D50601EFFBE7D001E3062 /* Frameworks */,
				529D50611EFFBE7D001E3062 /* Headers */,
				529D50621EFFBE7D001E3062 /* Resources */,
			);
			buildRules = (
			);
			dependencies = (
			);
			name = iOSKit;
			productName = iOSKit;
			productReference = 529D50641EFFBE7D001E3062 /* iOSKit.framework */;
			productType = "com.apple.product-type.framework";
		};
		529FDDBB1F0041A0000E550A /* Store */ = {
			isa = PBXNativeTarget;
			buildConfigurationList = 529FDDC71F0041A0000E550A /* Build configuration list for PBXNativeTarget "Store" */;
			buildPhases = (
				529FDDB71F0041A0000E550A /* Sources */,
				529FDDB81F0041A0000E550A /* Frameworks */,
				529FDDB91F0041A0000E550A /* Headers */,
				529FDDBA1F0041A0000E550A /* Resources */,
			);
			buildRules = (
			);
			dependencies = (
			);
			name = Store;
			productName = Store;
			productReference = 529FDDBC1F0041A0000E550A /* Store.framework */;
			productType = "com.apple.product-type.framework";
		};
		52E7D7951F041B3800A0C207 /* Keychain */ = {
			isa = PBXNativeTarget;
			buildConfigurationList = 52E7D79F1F041B3800A0C207 /* Build configuration list for PBXNativeTarget "Keychain" */;
			buildPhases = (
				52E7D7911F041B3800A0C207 /* Sources */,
				52E7D7921F041B3800A0C207 /* Frameworks */,
				52E7D7931F041B3800A0C207 /* Headers */,
				52E7D7941F041B3800A0C207 /* Resources */,
			);
			buildRules = (
			);
			dependencies = (
			);
			name = Keychain;
			productName = Keychain;
			productReference = 52E7D7961F041B3800A0C207 /* Keychain.framework */;
			productType = "com.apple.product-type.framework";
		};
		52E7D7AA1F041B9300A0C207 /* Auth */ = {
			isa = PBXNativeTarget;
			buildConfigurationList = 52E7D7B41F041B9300A0C207 /* Build configuration list for PBXNativeTarget "Auth" */;
			buildPhases = (
				52E7D7A61F041B9300A0C207 /* Sources */,
				52E7D7A71F041B9300A0C207 /* Frameworks */,
				52E7D7A81F041B9300A0C207 /* Headers */,
				52E7D7A91F041B9300A0C207 /* Resources */,
			);
			buildRules = (
			);
			dependencies = (
			);
			name = Auth;
			productName = Auth;
			productReference = 52E7D7AB1F041B9300A0C207 /* Auth.framework */;
			productType = "com.apple.product-type.framework";
		};
/* End PBXNativeTarget section */

/* Begin PBXProject section */
		529D50151EFDB830001E3062 /* Project object */ = {
			isa = PBXProject;
			attributes = {
				LastSwiftUpdateCheck = 0830;
				LastUpgradeCheck = 0830;
				ORGANIZATIONNAME = "Joanna Zatorska";
				TargetAttributes = {
					5226A9691F01A2990080B75D = {
						CreatedOnToolsVersion = 8.3.2;
						DevelopmentTeam = HH2W3RXN6V;
						LastSwiftMigration = 0830;
						ProvisioningStyle = Automatic;
					};
					5226A97F1F02BA4A0080B75D = {
						CreatedOnToolsVersion = 8.3.2;
						ProvisioningStyle = Automatic;
						TestTargetID = 529D501C1EFDB830001E3062;
					};
					5226A98D1F02BD2E0080B75D = {
						CreatedOnToolsVersion = 8.3.2;
						ProvisioningStyle = Automatic;
					};
					529D501C1EFDB830001E3062 = {
						CreatedOnToolsVersion = 8.3.2;
						DevelopmentTeam = HH2W3RXN6V;
						ProvisioningStyle = Automatic;
						SystemCapabilities = {
							com.apple.BackgroundModes = {
								enabled = 1;
							};
							com.apple.Maps.iOS = {
								enabled = 1;
							};
						};
					};
					529D50361EFFAED7001E3062 = {
						CreatedOnToolsVersion = 8.3.2;
						DevelopmentTeam = HH2W3RXN6V;
						LastSwiftMigration = 0830;
						ProvisioningStyle = Automatic;
					};
					529D504C1EFFB610001E3062 = {
						CreatedOnToolsVersion = 8.3.2;
						LastSwiftMigration = 0830;
						ProvisioningStyle = Automatic;
					};
					529D50631EFFBE7D001E3062 = {
						CreatedOnToolsVersion = 8.3.2;
						DevelopmentTeam = HH2W3RXN6V;
						LastSwiftMigration = 0830;
						ProvisioningStyle = Automatic;
					};
					529FDDBB1F0041A0000E550A = {
						CreatedOnToolsVersion = 8.3.2;
						DevelopmentTeam = HH2W3RXN6V;
						LastSwiftMigration = 0830;
						ProvisioningStyle = Automatic;
					};
					52E7D7951F041B3800A0C207 = {
						CreatedOnToolsVersion = 8.3.2;
						DevelopmentTeam = HH2W3RXN6V;
						LastSwiftMigration = 0830;
						ProvisioningStyle = Automatic;
					};
					52E7D7AA1F041B9300A0C207 = {
						CreatedOnToolsVersion = 8.3.2;
						DevelopmentTeam = HH2W3RXN6V;
						LastSwiftMigration = 0830;
						ProvisioningStyle = Automatic;
					};
				};
			};
			buildConfigurationList = 529D50181EFDB830001E3062 /* Build configuration list for PBXProject "Tracker" */;
			compatibilityVersion = "Xcode 3.2";
			developmentRegion = English;
			hasScannedForEncodings = 0;
			knownRegions = (
				en,
				Base,
			);
			mainGroup = 529D50141EFDB830001E3062;
			productRefGroup = 529D501E1EFDB830001E3062 /* Products */;
			projectDirPath = "";
			projectRoot = "";
			targets = (
				529D501C1EFDB830001E3062 /* Tracker */,
				529D50361EFFAED7001E3062 /* TrackingHandler */,
				529D504C1EFFB610001E3062 /* Model */,
				529D50631EFFBE7D001E3062 /* iOSKit */,
				529FDDBB1F0041A0000E550A /* Store */,
				5226A9691F01A2990080B75D /* Mocks */,
				5226A97F1F02BA4A0080B75D /* TrackerTests */,
				5226A98D1F02BD2E0080B75D /* StoreTests */,
				52E7D7951F041B3800A0C207 /* Keychain */,
				52E7D7AA1F041B9300A0C207 /* Auth */,
			);
		};
/* End PBXProject section */

/* Begin PBXResourcesBuildPhase section */
		5226A9681F01A2990080B75D /* Resources */ = {
			isa = PBXResourcesBuildPhase;
			buildActionMask = 2147483647;
			files = (
			);
			runOnlyForDeploymentPostprocessing = 0;
		};
		5226A97E1F02BA4A0080B75D /* Resources */ = {
			isa = PBXResourcesBuildPhase;
			buildActionMask = 2147483647;
			files = (
			);
			runOnlyForDeploymentPostprocessing = 0;
		};
		5226A98C1F02BD2E0080B75D /* Resources */ = {
			isa = PBXResourcesBuildPhase;
			buildActionMask = 2147483647;
			files = (
			);
			runOnlyForDeploymentPostprocessing = 0;
		};
		529D501B1EFDB830001E3062 /* Resources */ = {
			isa = PBXResourcesBuildPhase;
			buildActionMask = 2147483647;
			files = (
				529D502B1EFDB830001E3062 /* LaunchScreen.storyboard in Resources */,
				529D50281EFDB830001E3062 /* Assets.xcassets in Resources */,
				529D50261EFDB830001E3062 /* Main.storyboard in Resources */,
			);
			runOnlyForDeploymentPostprocessing = 0;
		};
		529D50351EFFAED7001E3062 /* Resources */ = {
			isa = PBXResourcesBuildPhase;
			buildActionMask = 2147483647;
			files = (
			);
			runOnlyForDeploymentPostprocessing = 0;
		};
		529D504B1EFFB610001E3062 /* Resources */ = {
			isa = PBXResourcesBuildPhase;
			buildActionMask = 2147483647;
			files = (
			);
			runOnlyForDeploymentPostprocessing = 0;
		};
		529D50621EFFBE7D001E3062 /* Resources */ = {
			isa = PBXResourcesBuildPhase;
			buildActionMask = 2147483647;
			files = (
			);
			runOnlyForDeploymentPostprocessing = 0;
		};
		529FDDBA1F0041A0000E550A /* Resources */ = {
			isa = PBXResourcesBuildPhase;
			buildActionMask = 2147483647;
			files = (
			);
			runOnlyForDeploymentPostprocessing = 0;
		};
		52E7D7941F041B3800A0C207 /* Resources */ = {
			isa = PBXResourcesBuildPhase;
			buildActionMask = 2147483647;
			files = (
			);
			runOnlyForDeploymentPostprocessing = 0;
		};
		52E7D7A91F041B9300A0C207 /* Resources */ = {
			isa = PBXResourcesBuildPhase;
			buildActionMask = 2147483647;
			files = (
			);
			runOnlyForDeploymentPostprocessing = 0;
		};
/* End PBXResourcesBuildPhase section */

/* Begin PBXSourcesBuildPhase section */
		5226A9651F01A2990080B75D /* Sources */ = {
			isa = PBXSourcesBuildPhase;
			buildActionMask = 2147483647;
			files = (
				5226A9781F01A2B80080B75D /* JourneysMock.swift in Sources */,
			);
			runOnlyForDeploymentPostprocessing = 0;
		};
		5226A97C1F02BA4A0080B75D /* Sources */ = {
			isa = PBXSourcesBuildPhase;
			buildActionMask = 2147483647;
			files = (
				5226A9831F02BA4A0080B75D /* TrackerTests.swift in Sources */,
			);
			runOnlyForDeploymentPostprocessing = 0;
		};
		5226A98A1F02BD2E0080B75D /* Sources */ = {
			isa = PBXSourcesBuildPhase;
			buildActionMask = 2147483647;
			files = (
				5226A9911F02BD2E0080B75D /* StoreTests.swift in Sources */,
			);
			runOnlyForDeploymentPostprocessing = 0;
		};
		529D50191EFDB830001E3062 /* Sources */ = {
			isa = PBXSourcesBuildPhase;
			buildActionMask = 2147483647;
			files = (
				52E7D7901F04137700A0C207 /* LoginViewController.swift in Sources */,
				52E7D7BB1F04245A00A0C207 /* AuthProtectedViewController.swift in Sources */,
				529FDDB31F002420000E550A /* JourneyDetailsViewController.swift in Sources */,
				529FDDA81F001693000E550A /* RootViewController.swift in Sources */,
				529FDDAC1F0018FE000E550A /* ViewControllerFactory.swift in Sources */,
				529D50231EFDB830001E3062 /* TrackingMapViewController.swift in Sources */,
				52E7D7BD1F04259300A0C207 /* ProfileViewController.swift in Sources */,
				529D50751EFFC1AB001E3062 /* MapView.swift in Sources */,
				529FDDB01F001E78000E550A /* JourneysDataSource.swift in Sources */,
				529FDDA61F001471000E550A /* JourneysListViewController.swift in Sources */,
				529D50211EFDB830001E3062 /* AppDelegate.swift in Sources */,
			);
			runOnlyForDeploymentPostprocessing = 0;
		};
		529D50321EFFAED7001E3062 /* Sources */ = {
			isa = PBXSourcesBuildPhase;
			buildActionMask = 2147483647;
			files = (
				529D50471EFFB57F001E3062 /* TrackingHandler+LocationManager.swift in Sources */,
				5226A97B1F02BA140080B75D /* JourneyHandler.swift in Sources */,
				529D50451EFFAEE4001E3062 /* TrackingHandler.swift in Sources */,
				529FDDA21EFFFA58000E550A /* JourneyStatus.swift in Sources */,
			);
			runOnlyForDeploymentPostprocessing = 0;
		};
		529D50481EFFB610001E3062 /* Sources */ = {
			isa = PBXSourcesBuildPhase;
			buildActionMask = 2147483647;
			files = (
				529FDD8D1EFFCD56000E550A /* Journey.swift in Sources */,
				529D505A1EFFB624001E3062 /* Position.swift in Sources */,
			);
			runOnlyForDeploymentPostprocessing = 0;
		};
		529D505F1EFFBE7D001E3062 /* Sources */ = {
			isa = PBXSourcesBuildPhase;
			buildActionMask = 2147483647;
			files = (
				52E7D78A1F02EE2C00A0C207 /* Double+rounding.swift in Sources */,
				52E7D7881F02E58100A0C207 /* TimeIntervalExt.swift in Sources */,
				52E7D7861F02E3CC00A0C207 /* Date+offset.swift in Sources */,
				529D50731EFFC12C001E3062 /* View.swift in Sources */,
				529FDDB51F00277B000E550A /* JourneyDateFormatter.swift in Sources */,
				529D50771EFFC57E001E3062 /* UIView+Constraints.swift in Sources */,
			);
			runOnlyForDeploymentPostprocessing = 0;
		};
		529FDDB71F0041A0000E550A /* Sources */ = {
			isa = PBXSourcesBuildPhase;
			buildActionMask = 2147483647;
			files = (
				5295B6421F0057D800355381 /* StorageDataServiceProtocol.swift in Sources */,
				5295B6471F00590D00355381 /* JourneyStorage.swift in Sources */,
				5295B66C1F01885500355381 /* StoredPosition+Position.swift in Sources */,
				529FDDCA1F0041CF000E550A /* Journeys.xcdatamodeld in Sources */,
				5295B6361F00508A00355381 /* StoredPosition+CoreDataProperties.swift in Sources */,
				5295B6331F00508A00355381 /* StoredJourney+CoreDataClass.swift in Sources */,
				5295B6401F00570300355381 /* DataStorage.swift in Sources */,
				5295B66A1F01881B00355381 /* StoredJourney+Journey.swift in Sources */,
				5295B63C1F0054D700355381 /* NSManagedObjectExt.swift in Sources */,
				5295B63A1F0050DB00355381 /* CoreDataStack.swift in Sources */,
				5295B6341F00508A00355381 /* StoredJourney+CoreDataProperties.swift in Sources */,
				5295B6351F00508A00355381 /* StoredPosition+CoreDataClass.swift in Sources */,
			);
			runOnlyForDeploymentPostprocessing = 0;
		};
		52E7D7911F041B3800A0C207 /* Sources */ = {
			isa = PBXSourcesBuildPhase;
			buildActionMask = 2147483647;
			files = (
				52E7D7A31F041B4F00A0C207 /* KeychainItemAccessibility.swift in Sources */,
				52E7D7A51F041B7000A0C207 /* KeychainWrapper.swift in Sources */,
			);
			runOnlyForDeploymentPostprocessing = 0;
		};
		52E7D7A61F041B9300A0C207 /* Sources */ = {
			isa = PBXSourcesBuildPhase;
			buildActionMask = 2147483647;
			files = (
				52E7D7B81F041BA500A0C207 /* Auth.swift in Sources */,
			);
			runOnlyForDeploymentPostprocessing = 0;
		};
/* End PBXSourcesBuildPhase section */

/* Begin PBXTargetDependency section */
		5226A9701F01A2990080B75D /* PBXTargetDependency */ = {
			isa = PBXTargetDependency;
			target = 5226A9691F01A2990080B75D /* Mocks */;
			targetProxy = 5226A96F1F01A2990080B75D /* PBXContainerItemProxy */;
		};
		5226A9861F02BA4A0080B75D /* PBXTargetDependency */ = {
			isa = PBXTargetDependency;
			target = 529D501C1EFDB830001E3062 /* Tracker */;
			targetProxy = 5226A9851F02BA4A0080B75D /* PBXContainerItemProxy */;
		};
		5226A9951F02BD2E0080B75D /* PBXTargetDependency */ = {
			isa = PBXTargetDependency;
			target = 529FDDBB1F0041A0000E550A /* Store */;
			targetProxy = 5226A9941F02BD2E0080B75D /* PBXContainerItemProxy */;
		};
		529D503D1EFFAED7001E3062 /* PBXTargetDependency */ = {
			isa = PBXTargetDependency;
			target = 529D50361EFFAED7001E3062 /* TrackingHandler */;
			targetProxy = 529D503C1EFFAED7001E3062 /* PBXContainerItemProxy */;
		};
		529D50531EFFB610001E3062 /* PBXTargetDependency */ = {
			isa = PBXTargetDependency;
			target = 529D504C1EFFB610001E3062 /* Model */;
			targetProxy = 529D50521EFFB610001E3062 /* PBXContainerItemProxy */;
		};
		529D506A1EFFBE7D001E3062 /* PBXTargetDependency */ = {
			isa = PBXTargetDependency;
			target = 529D50631EFFBE7D001E3062 /* iOSKit */;
			targetProxy = 529D50691EFFBE7D001E3062 /* PBXContainerItemProxy */;
		};
		529FDDC21F0041A0000E550A /* PBXTargetDependency */ = {
			isa = PBXTargetDependency;
			target = 529FDDBB1F0041A0000E550A /* Store */;
			targetProxy = 529FDDC11F0041A0000E550A /* PBXContainerItemProxy */;
		};
		52E7D79C1F041B3800A0C207 /* PBXTargetDependency */ = {
			isa = PBXTargetDependency;
			target = 52E7D7951F041B3800A0C207 /* Keychain */;
			targetProxy = 52E7D79B1F041B3800A0C207 /* PBXContainerItemProxy */;
		};
		52E7D7B11F041B9300A0C207 /* PBXTargetDependency */ = {
			isa = PBXTargetDependency;
			target = 52E7D7AA1F041B9300A0C207 /* Auth */;
			targetProxy = 52E7D7B01F041B9300A0C207 /* PBXContainerItemProxy */;
		};
/* End PBXTargetDependency section */

/* Begin PBXVariantGroup section */
		529D50241EFDB830001E3062 /* Main.storyboard */ = {
			isa = PBXVariantGroup;
			children = (
				529D50251EFDB830001E3062 /* Base */,
			);
			name = Main.storyboard;
			sourceTree = "<group>";
		};
		529D50291EFDB830001E3062 /* LaunchScreen.storyboard */ = {
			isa = PBXVariantGroup;
			children = (
				529D502A1EFDB830001E3062 /* Base */,
			);
			name = LaunchScreen.storyboard;
			sourceTree = "<group>";
		};
/* End PBXVariantGroup section */

/* Begin XCBuildConfiguration section */
		5226A9741F01A2990080B75D /* Debug */ = {
			isa = XCBuildConfiguration;
			buildSettings = {
				CLANG_ENABLE_MODULES = YES;
				CODE_SIGN_IDENTITY = "";
				CURRENT_PROJECT_VERSION = 1;
				DEFINES_MODULE = YES;
				DEVELOPMENT_TEAM = HH2W3RXN6V;
				DYLIB_COMPATIBILITY_VERSION = 1;
				DYLIB_CURRENT_VERSION = 1;
				DYLIB_INSTALL_NAME_BASE = "@rpath";
				INFOPLIST_FILE = Mocks/Info.plist;
				INSTALL_PATH = "$(LOCAL_LIBRARY_DIR)/Frameworks";
				LD_RUNPATH_SEARCH_PATHS = "$(inherited) @executable_path/Frameworks @loader_path/Frameworks";
				PRODUCT_BUNDLE_IDENTIFIER = com.jz.Mocks;
				PRODUCT_NAME = "$(TARGET_NAME)";
				SKIP_INSTALL = YES;
				SWIFT_OPTIMIZATION_LEVEL = "-Onone";
				SWIFT_VERSION = 3.0;
				VERSIONING_SYSTEM = "apple-generic";
				VERSION_INFO_PREFIX = "";
			};
			name = Debug;
		};
		5226A9751F01A2990080B75D /* Release */ = {
			isa = XCBuildConfiguration;
			buildSettings = {
				CLANG_ENABLE_MODULES = YES;
				CODE_SIGN_IDENTITY = "";
				CURRENT_PROJECT_VERSION = 1;
				DEFINES_MODULE = YES;
				DEVELOPMENT_TEAM = HH2W3RXN6V;
				DYLIB_COMPATIBILITY_VERSION = 1;
				DYLIB_CURRENT_VERSION = 1;
				DYLIB_INSTALL_NAME_BASE = "@rpath";
				INFOPLIST_FILE = Mocks/Info.plist;
				INSTALL_PATH = "$(LOCAL_LIBRARY_DIR)/Frameworks";
				LD_RUNPATH_SEARCH_PATHS = "$(inherited) @executable_path/Frameworks @loader_path/Frameworks";
				PRODUCT_BUNDLE_IDENTIFIER = com.jz.Mocks;
				PRODUCT_NAME = "$(TARGET_NAME)";
				SKIP_INSTALL = YES;
				SWIFT_VERSION = 3.0;
				VERSIONING_SYSTEM = "apple-generic";
				VERSION_INFO_PREFIX = "";
			};
			name = Release;
		};
		5226A9881F02BA4A0080B75D /* Debug */ = {
			isa = XCBuildConfiguration;
			buildSettings = {
				BUNDLE_LOADER = "$(TEST_HOST)";
				INFOPLIST_FILE = TrackerTests/Info.plist;
				LD_RUNPATH_SEARCH_PATHS = "$(inherited) @executable_path/Frameworks @loader_path/Frameworks";
				PRODUCT_BUNDLE_IDENTIFIER = com.jz.TrackerTests;
				PRODUCT_NAME = "$(TARGET_NAME)";
				SWIFT_VERSION = 3.0;
				TEST_HOST = "$(BUILT_PRODUCTS_DIR)/Tracker.app/Tracker";
			};
			name = Debug;
		};
		5226A9891F02BA4A0080B75D /* Release */ = {
			isa = XCBuildConfiguration;
			buildSettings = {
				BUNDLE_LOADER = "$(TEST_HOST)";
				INFOPLIST_FILE = TrackerTests/Info.plist;
				LD_RUNPATH_SEARCH_PATHS = "$(inherited) @executable_path/Frameworks @loader_path/Frameworks";
				PRODUCT_BUNDLE_IDENTIFIER = com.jz.TrackerTests;
				PRODUCT_NAME = "$(TARGET_NAME)";
				SWIFT_VERSION = 3.0;
				TEST_HOST = "$(BUILT_PRODUCTS_DIR)/Tracker.app/Tracker";
			};
			name = Release;
		};
		5226A9971F02BD2E0080B75D /* Debug */ = {
			isa = XCBuildConfiguration;
			buildSettings = {
				INFOPLIST_FILE = StoreTests/Info.plist;
				LD_RUNPATH_SEARCH_PATHS = "$(inherited) @executable_path/Frameworks @loader_path/Frameworks";
				PRODUCT_BUNDLE_IDENTIFIER = com.jz.StoreTests;
				PRODUCT_NAME = "$(TARGET_NAME)";
				SWIFT_VERSION = 3.0;
			};
			name = Debug;
		};
		5226A9981F02BD2E0080B75D /* Release */ = {
			isa = XCBuildConfiguration;
			buildSettings = {
				INFOPLIST_FILE = StoreTests/Info.plist;
				LD_RUNPATH_SEARCH_PATHS = "$(inherited) @executable_path/Frameworks @loader_path/Frameworks";
				PRODUCT_BUNDLE_IDENTIFIER = com.jz.StoreTests;
				PRODUCT_NAME = "$(TARGET_NAME)";
				SWIFT_VERSION = 3.0;
			};
			name = Release;
		};
		529D502D1EFDB830001E3062 /* Debug */ = {
			isa = XCBuildConfiguration;
			buildSettings = {
				ALWAYS_SEARCH_USER_PATHS = NO;
				CLANG_ANALYZER_NONNULL = YES;
				CLANG_ANALYZER_NUMBER_OBJECT_CONVERSION = YES_AGGRESSIVE;
				CLANG_CXX_LANGUAGE_STANDARD = "gnu++0x";
				CLANG_CXX_LIBRARY = "libc++";
				CLANG_ENABLE_MODULES = YES;
				CLANG_ENABLE_OBJC_ARC = YES;
				CLANG_WARN_BOOL_CONVERSION = YES;
				CLANG_WARN_CONSTANT_CONVERSION = YES;
				CLANG_WARN_DIRECT_OBJC_ISA_USAGE = YES_ERROR;
				CLANG_WARN_DOCUMENTATION_COMMENTS = YES;
				CLANG_WARN_EMPTY_BODY = YES;
				CLANG_WARN_ENUM_CONVERSION = YES;
				CLANG_WARN_INFINITE_RECURSION = YES;
				CLANG_WARN_INT_CONVERSION = YES;
				CLANG_WARN_OBJC_ROOT_CLASS = YES_ERROR;
				CLANG_WARN_SUSPICIOUS_MOVE = YES;
				CLANG_WARN_UNREACHABLE_CODE = YES;
				CLANG_WARN__DUPLICATE_METHOD_MATCH = YES;
				"CODE_SIGN_IDENTITY[sdk=iphoneos*]" = "iPhone Developer";
				COPY_PHASE_STRIP = NO;
				DEBUG_INFORMATION_FORMAT = dwarf;
				ENABLE_STRICT_OBJC_MSGSEND = YES;
				ENABLE_TESTABILITY = YES;
				GCC_C_LANGUAGE_STANDARD = gnu99;
				GCC_DYNAMIC_NO_PIC = NO;
				GCC_NO_COMMON_BLOCKS = YES;
				GCC_OPTIMIZATION_LEVEL = 0;
				GCC_PREPROCESSOR_DEFINITIONS = (
					"DEBUG=1",
					"$(inherited)",
				);
				GCC_WARN_64_TO_32_BIT_CONVERSION = YES;
				GCC_WARN_ABOUT_RETURN_TYPE = YES_ERROR;
				GCC_WARN_UNDECLARED_SELECTOR = YES;
				GCC_WARN_UNINITIALIZED_AUTOS = YES_AGGRESSIVE;
				GCC_WARN_UNUSED_FUNCTION = YES;
				GCC_WARN_UNUSED_VARIABLE = YES;
				IPHONEOS_DEPLOYMENT_TARGET = 10.3;
				MTL_ENABLE_DEBUG_INFO = YES;
				ONLY_ACTIVE_ARCH = YES;
				SDKROOT = iphoneos;
				SWIFT_ACTIVE_COMPILATION_CONDITIONS = DEBUG;
				SWIFT_OPTIMIZATION_LEVEL = "-Onone";
				TARGETED_DEVICE_FAMILY = "1,2";
			};
			name = Debug;
		};
		529D502E1EFDB830001E3062 /* Release */ = {
			isa = XCBuildConfiguration;
			buildSettings = {
				ALWAYS_SEARCH_USER_PATHS = NO;
				CLANG_ANALYZER_NONNULL = YES;
				CLANG_ANALYZER_NUMBER_OBJECT_CONVERSION = YES_AGGRESSIVE;
				CLANG_CXX_LANGUAGE_STANDARD = "gnu++0x";
				CLANG_CXX_LIBRARY = "libc++";
				CLANG_ENABLE_MODULES = YES;
				CLANG_ENABLE_OBJC_ARC = YES;
				CLANG_WARN_BOOL_CONVERSION = YES;
				CLANG_WARN_CONSTANT_CONVERSION = YES;
				CLANG_WARN_DIRECT_OBJC_ISA_USAGE = YES_ERROR;
				CLANG_WARN_DOCUMENTATION_COMMENTS = YES;
				CLANG_WARN_EMPTY_BODY = YES;
				CLANG_WARN_ENUM_CONVERSION = YES;
				CLANG_WARN_INFINITE_RECURSION = YES;
				CLANG_WARN_INT_CONVERSION = YES;
				CLANG_WARN_OBJC_ROOT_CLASS = YES_ERROR;
				CLANG_WARN_SUSPICIOUS_MOVE = YES;
				CLANG_WARN_UNREACHABLE_CODE = YES;
				CLANG_WARN__DUPLICATE_METHOD_MATCH = YES;
				"CODE_SIGN_IDENTITY[sdk=iphoneos*]" = "iPhone Developer";
				COPY_PHASE_STRIP = NO;
				DEBUG_INFORMATION_FORMAT = "dwarf-with-dsym";
				ENABLE_NS_ASSERTIONS = NO;
				ENABLE_STRICT_OBJC_MSGSEND = YES;
				GCC_C_LANGUAGE_STANDARD = gnu99;
				GCC_NO_COMMON_BLOCKS = YES;
				GCC_WARN_64_TO_32_BIT_CONVERSION = YES;
				GCC_WARN_ABOUT_RETURN_TYPE = YES_ERROR;
				GCC_WARN_UNDECLARED_SELECTOR = YES;
				GCC_WARN_UNINITIALIZED_AUTOS = YES_AGGRESSIVE;
				GCC_WARN_UNUSED_FUNCTION = YES;
				GCC_WARN_UNUSED_VARIABLE = YES;
				IPHONEOS_DEPLOYMENT_TARGET = 10.3;
				MTL_ENABLE_DEBUG_INFO = NO;
				SDKROOT = iphoneos;
				SWIFT_OPTIMIZATION_LEVEL = "-Owholemodule";
				TARGETED_DEVICE_FAMILY = "1,2";
				VALIDATE_PRODUCT = YES;
			};
			name = Release;
		};
		529D50301EFDB830001E3062 /* Debug */ = {
			isa = XCBuildConfiguration;
			buildSettings = {
				ALWAYS_EMBED_SWIFT_STANDARD_LIBRARIES = YES;
				ASSETCATALOG_COMPILER_APPICON_NAME = AppIcon;
				"CODE_SIGN_IDENTITY[sdk=iphoneos*]" = "iPhone Developer";
				DEVELOPMENT_TEAM = HH2W3RXN6V;
				INFOPLIST_FILE = Tracker/Info.plist;
				LD_RUNPATH_SEARCH_PATHS = "$(inherited) @executable_path/Frameworks";
				PRODUCT_BUNDLE_IDENTIFIER = com.jz.Tracker;
				PRODUCT_NAME = "$(TARGET_NAME)";
				PROVISIONING_PROFILE = "";
				PROVISIONING_PROFILE_SPECIFIER = "";
				SWIFT_VERSION = 3.0;
			};
			name = Debug;
		};
		529D50311EFDB830001E3062 /* Release */ = {
			isa = XCBuildConfiguration;
			buildSettings = {
				ALWAYS_EMBED_SWIFT_STANDARD_LIBRARIES = YES;
				ASSETCATALOG_COMPILER_APPICON_NAME = AppIcon;
				"CODE_SIGN_IDENTITY[sdk=iphoneos*]" = "iPhone Developer";
				DEVELOPMENT_TEAM = HH2W3RXN6V;
				INFOPLIST_FILE = Tracker/Info.plist;
				LD_RUNPATH_SEARCH_PATHS = "$(inherited) @executable_path/Frameworks";
				PRODUCT_BUNDLE_IDENTIFIER = com.jz.Tracker;
				PRODUCT_NAME = "$(TARGET_NAME)";
				PROVISIONING_PROFILE_SPECIFIER = "";
				SWIFT_VERSION = 3.0;
			};
			name = Release;
		};
		529D50411EFFAED7001E3062 /* Debug */ = {
			isa = XCBuildConfiguration;
			buildSettings = {
				CLANG_ENABLE_MODULES = YES;
				CODE_SIGN_IDENTITY = "";
				"CODE_SIGN_IDENTITY[sdk=iphoneos*]" = "iPhone Developer";
				CURRENT_PROJECT_VERSION = 1;
				DEFINES_MODULE = YES;
				DEVELOPMENT_TEAM = HH2W3RXN6V;
				DYLIB_COMPATIBILITY_VERSION = 1;
				DYLIB_CURRENT_VERSION = 1;
				DYLIB_INSTALL_NAME_BASE = "@rpath";
				INFOPLIST_FILE = TrackingHandler/Info.plist;
				INSTALL_PATH = "$(LOCAL_LIBRARY_DIR)/Frameworks";
				LD_RUNPATH_SEARCH_PATHS = "$(inherited) @executable_path/Frameworks @loader_path/Frameworks";
				PRODUCT_BUNDLE_IDENTIFIER = com.jz.TrackingHandler;
				PRODUCT_NAME = "$(TARGET_NAME)";
				SKIP_INSTALL = YES;
				SWIFT_OPTIMIZATION_LEVEL = "-Onone";
				SWIFT_VERSION = 3.0;
				VERSIONING_SYSTEM = "apple-generic";
				VERSION_INFO_PREFIX = "";
			};
			name = Debug;
		};
		529D50421EFFAED7001E3062 /* Release */ = {
			isa = XCBuildConfiguration;
			buildSettings = {
				CLANG_ENABLE_MODULES = YES;
				CODE_SIGN_IDENTITY = "";
				CURRENT_PROJECT_VERSION = 1;
				DEFINES_MODULE = YES;
				DEVELOPMENT_TEAM = HH2W3RXN6V;
				DYLIB_COMPATIBILITY_VERSION = 1;
				DYLIB_CURRENT_VERSION = 1;
				DYLIB_INSTALL_NAME_BASE = "@rpath";
				INFOPLIST_FILE = TrackingHandler/Info.plist;
				INSTALL_PATH = "$(LOCAL_LIBRARY_DIR)/Frameworks";
				LD_RUNPATH_SEARCH_PATHS = "$(inherited) @executable_path/Frameworks @loader_path/Frameworks";
				PRODUCT_BUNDLE_IDENTIFIER = com.jz.TrackingHandler;
				PRODUCT_NAME = "$(TARGET_NAME)";
				SKIP_INSTALL = YES;
				SWIFT_VERSION = 3.0;
				VERSIONING_SYSTEM = "apple-generic";
				VERSION_INFO_PREFIX = "";
			};
			name = Release;
		};
		529D50571EFFB610001E3062 /* Debug */ = {
			isa = XCBuildConfiguration;
			buildSettings = {
				CLANG_ENABLE_MODULES = YES;
				CODE_SIGN_IDENTITY = "";
				CURRENT_PROJECT_VERSION = 1;
				DEFINES_MODULE = YES;
				DYLIB_COMPATIBILITY_VERSION = 1;
				DYLIB_CURRENT_VERSION = 1;
				DYLIB_INSTALL_NAME_BASE = "@rpath";
				INFOPLIST_FILE = Model/Info.plist;
				INSTALL_PATH = "$(LOCAL_LIBRARY_DIR)/Frameworks";
				LD_RUNPATH_SEARCH_PATHS = "$(inherited) @executable_path/Frameworks @loader_path/Frameworks";
				PRODUCT_BUNDLE_IDENTIFIER = com.jz.Model;
				PRODUCT_NAME = "$(TARGET_NAME)";
				SKIP_INSTALL = YES;
				SWIFT_OPTIMIZATION_LEVEL = "-Onone";
				SWIFT_VERSION = 3.0;
				VERSIONING_SYSTEM = "apple-generic";
				VERSION_INFO_PREFIX = "";
			};
			name = Debug;
		};
		529D50581EFFB610001E3062 /* Release */ = {
			isa = XCBuildConfiguration;
			buildSettings = {
				CLANG_ENABLE_MODULES = YES;
				CODE_SIGN_IDENTITY = "";
				CURRENT_PROJECT_VERSION = 1;
				DEFINES_MODULE = YES;
				DYLIB_COMPATIBILITY_VERSION = 1;
				DYLIB_CURRENT_VERSION = 1;
				DYLIB_INSTALL_NAME_BASE = "@rpath";
				INFOPLIST_FILE = Model/Info.plist;
				INSTALL_PATH = "$(LOCAL_LIBRARY_DIR)/Frameworks";
				LD_RUNPATH_SEARCH_PATHS = "$(inherited) @executable_path/Frameworks @loader_path/Frameworks";
				PRODUCT_BUNDLE_IDENTIFIER = com.jz.Model;
				PRODUCT_NAME = "$(TARGET_NAME)";
				SKIP_INSTALL = YES;
				SWIFT_VERSION = 3.0;
				VERSIONING_SYSTEM = "apple-generic";
				VERSION_INFO_PREFIX = "";
			};
			name = Release;
		};
		529D506E1EFFBE7D001E3062 /* Debug */ = {
			isa = XCBuildConfiguration;
			buildSettings = {
				CLANG_ENABLE_MODULES = YES;
				CODE_SIGN_IDENTITY = "";
				CURRENT_PROJECT_VERSION = 1;
				DEFINES_MODULE = YES;
				DEVELOPMENT_TEAM = HH2W3RXN6V;
				DYLIB_COMPATIBILITY_VERSION = 1;
				DYLIB_CURRENT_VERSION = 1;
				DYLIB_INSTALL_NAME_BASE = "@rpath";
				INFOPLIST_FILE = iOSKit/Info.plist;
				INSTALL_PATH = "$(LOCAL_LIBRARY_DIR)/Frameworks";
				LD_RUNPATH_SEARCH_PATHS = "$(inherited) @executable_path/Frameworks @loader_path/Frameworks";
				PRODUCT_BUNDLE_IDENTIFIER = com.jz.iOSKit;
				PRODUCT_NAME = "$(TARGET_NAME)";
				SKIP_INSTALL = YES;
				SWIFT_OPTIMIZATION_LEVEL = "-Onone";
				SWIFT_VERSION = 3.0;
				VERSIONING_SYSTEM = "apple-generic";
				VERSION_INFO_PREFIX = "";
			};
			name = Debug;
		};
		529D506F1EFFBE7D001E3062 /* Release */ = {
			isa = XCBuildConfiguration;
			buildSettings = {
				CLANG_ENABLE_MODULES = YES;
				CODE_SIGN_IDENTITY = "";
				CURRENT_PROJECT_VERSION = 1;
				DEFINES_MODULE = YES;
				DEVELOPMENT_TEAM = HH2W3RXN6V;
				DYLIB_COMPATIBILITY_VERSION = 1;
				DYLIB_CURRENT_VERSION = 1;
				DYLIB_INSTALL_NAME_BASE = "@rpath";
				INFOPLIST_FILE = iOSKit/Info.plist;
				INSTALL_PATH = "$(LOCAL_LIBRARY_DIR)/Frameworks";
				LD_RUNPATH_SEARCH_PATHS = "$(inherited) @executable_path/Frameworks @loader_path/Frameworks";
				PRODUCT_BUNDLE_IDENTIFIER = com.jz.iOSKit;
				PRODUCT_NAME = "$(TARGET_NAME)";
				SKIP_INSTALL = YES;
				SWIFT_VERSION = 3.0;
				VERSIONING_SYSTEM = "apple-generic";
				VERSION_INFO_PREFIX = "";
			};
			name = Release;
		};
		529FDDC51F0041A0000E550A /* Debug */ = {
			isa = XCBuildConfiguration;
			buildSettings = {
				CLANG_ENABLE_MODULES = YES;
				CODE_SIGN_IDENTITY = "";
				CURRENT_PROJECT_VERSION = 1;
				DEFINES_MODULE = YES;
				DEVELOPMENT_TEAM = HH2W3RXN6V;
				DYLIB_COMPATIBILITY_VERSION = 1;
				DYLIB_CURRENT_VERSION = 1;
				DYLIB_INSTALL_NAME_BASE = "@rpath";
				INFOPLIST_FILE = Store/Info.plist;
				INSTALL_PATH = "$(LOCAL_LIBRARY_DIR)/Frameworks";
				LD_RUNPATH_SEARCH_PATHS = "$(inherited) @executable_path/Frameworks @loader_path/Frameworks";
				PRODUCT_BUNDLE_IDENTIFIER = com.jz.Store;
				PRODUCT_NAME = "$(TARGET_NAME)";
				SKIP_INSTALL = YES;
				SWIFT_OPTIMIZATION_LEVEL = "-Onone";
				SWIFT_VERSION = 3.0;
				VERSIONING_SYSTEM = "apple-generic";
				VERSION_INFO_PREFIX = "";
			};
			name = Debug;
		};
		529FDDC61F0041A0000E550A /* Release */ = {
			isa = XCBuildConfiguration;
			buildSettings = {
				CLANG_ENABLE_MODULES = YES;
				CODE_SIGN_IDENTITY = "";
				CURRENT_PROJECT_VERSION = 1;
				DEFINES_MODULE = YES;
				DEVELOPMENT_TEAM = HH2W3RXN6V;
				DYLIB_COMPATIBILITY_VERSION = 1;
				DYLIB_CURRENT_VERSION = 1;
				DYLIB_INSTALL_NAME_BASE = "@rpath";
				INFOPLIST_FILE = Store/Info.plist;
				INSTALL_PATH = "$(LOCAL_LIBRARY_DIR)/Frameworks";
				LD_RUNPATH_SEARCH_PATHS = "$(inherited) @executable_path/Frameworks @loader_path/Frameworks";
				PRODUCT_BUNDLE_IDENTIFIER = com.jz.Store;
				PRODUCT_NAME = "$(TARGET_NAME)";
				SKIP_INSTALL = YES;
				SWIFT_VERSION = 3.0;
				VERSIONING_SYSTEM = "apple-generic";
				VERSION_INFO_PREFIX = "";
			};
			name = Release;
		};
		52E7D7A01F041B3800A0C207 /* Debug */ = {
			isa = XCBuildConfiguration;
			buildSettings = {
				CLANG_ENABLE_MODULES = YES;
				CODE_SIGN_IDENTITY = "";
				CURRENT_PROJECT_VERSION = 1;
				DEFINES_MODULE = YES;
				DEVELOPMENT_TEAM = HH2W3RXN6V;
				DYLIB_COMPATIBILITY_VERSION = 1;
				DYLIB_CURRENT_VERSION = 1;
				DYLIB_INSTALL_NAME_BASE = "@rpath";
				INFOPLIST_FILE = Keychain/Info.plist;
				INSTALL_PATH = "$(LOCAL_LIBRARY_DIR)/Frameworks";
				LD_RUNPATH_SEARCH_PATHS = "$(inherited) @executable_path/Frameworks @loader_path/Frameworks";
				PRODUCT_BUNDLE_IDENTIFIER = com.jz.Keychain;
				PRODUCT_NAME = "$(TARGET_NAME)";
				SKIP_INSTALL = YES;
				SWIFT_OPTIMIZATION_LEVEL = "-Onone";
				SWIFT_VERSION = 3.0;
				VERSIONING_SYSTEM = "apple-generic";
				VERSION_INFO_PREFIX = "";
			};
			name = Debug;
		};
		52E7D7A11F041B3800A0C207 /* Release */ = {
			isa = XCBuildConfiguration;
			buildSettings = {
				CLANG_ENABLE_MODULES = YES;
				CODE_SIGN_IDENTITY = "";
				CURRENT_PROJECT_VERSION = 1;
				DEFINES_MODULE = YES;
				DEVELOPMENT_TEAM = HH2W3RXN6V;
				DYLIB_COMPATIBILITY_VERSION = 1;
				DYLIB_CURRENT_VERSION = 1;
				DYLIB_INSTALL_NAME_BASE = "@rpath";
				INFOPLIST_FILE = Keychain/Info.plist;
				INSTALL_PATH = "$(LOCAL_LIBRARY_DIR)/Frameworks";
				LD_RUNPATH_SEARCH_PATHS = "$(inherited) @executable_path/Frameworks @loader_path/Frameworks";
				PRODUCT_BUNDLE_IDENTIFIER = com.jz.Keychain;
				PRODUCT_NAME = "$(TARGET_NAME)";
				SKIP_INSTALL = YES;
				SWIFT_VERSION = 3.0;
				VERSIONING_SYSTEM = "apple-generic";
				VERSION_INFO_PREFIX = "";
			};
			name = Release;
		};
		52E7D7B51F041B9300A0C207 /* Debug */ = {
			isa = XCBuildConfiguration;
			buildSettings = {
				CLANG_ENABLE_MODULES = YES;
				CODE_SIGN_IDENTITY = "";
				CURRENT_PROJECT_VERSION = 1;
				DEFINES_MODULE = YES;
				DEVELOPMENT_TEAM = HH2W3RXN6V;
				DYLIB_COMPATIBILITY_VERSION = 1;
				DYLIB_CURRENT_VERSION = 1;
				DYLIB_INSTALL_NAME_BASE = "@rpath";
				INFOPLIST_FILE = Auth/Info.plist;
				INSTALL_PATH = "$(LOCAL_LIBRARY_DIR)/Frameworks";
				LD_RUNPATH_SEARCH_PATHS = "$(inherited) @executable_path/Frameworks @loader_path/Frameworks";
				PRODUCT_BUNDLE_IDENTIFIER = com.jz.Auth;
				PRODUCT_NAME = "$(TARGET_NAME)";
				SKIP_INSTALL = YES;
				SWIFT_OPTIMIZATION_LEVEL = "-Onone";
				SWIFT_VERSION = 3.0;
				VERSIONING_SYSTEM = "apple-generic";
				VERSION_INFO_PREFIX = "";
			};
			name = Debug;
		};
		52E7D7B61F041B9300A0C207 /* Release */ = {
			isa = XCBuildConfiguration;
			buildSettings = {
				CLANG_ENABLE_MODULES = YES;
				CODE_SIGN_IDENTITY = "";
				CURRENT_PROJECT_VERSION = 1;
				DEFINES_MODULE = YES;
				DEVELOPMENT_TEAM = HH2W3RXN6V;
				DYLIB_COMPATIBILITY_VERSION = 1;
				DYLIB_CURRENT_VERSION = 1;
				DYLIB_INSTALL_NAME_BASE = "@rpath";
				INFOPLIST_FILE = Auth/Info.plist;
				INSTALL_PATH = "$(LOCAL_LIBRARY_DIR)/Frameworks";
				LD_RUNPATH_SEARCH_PATHS = "$(inherited) @executable_path/Frameworks @loader_path/Frameworks";
				PRODUCT_BUNDLE_IDENTIFIER = com.jz.Auth;
				PRODUCT_NAME = "$(TARGET_NAME)";
				SKIP_INSTALL = YES;
				SWIFT_VERSION = 3.0;
				VERSIONING_SYSTEM = "apple-generic";
				VERSION_INFO_PREFIX = "";
			};
			name = Release;
		};
/* End XCBuildConfiguration section */

/* Begin XCConfigurationList section */
		5226A9731F01A2990080B75D /* Build configuration list for PBXNativeTarget "Mocks" */ = {
			isa = XCConfigurationList;
			buildConfigurations = (
				5226A9741F01A2990080B75D /* Debug */,
				5226A9751F01A2990080B75D /* Release */,
			);
			defaultConfigurationIsVisible = 0;
			defaultConfigurationName = Release;
		};
		5226A9871F02BA4A0080B75D /* Build configuration list for PBXNativeTarget "TrackerTests" */ = {
			isa = XCConfigurationList;
			buildConfigurations = (
				5226A9881F02BA4A0080B75D /* Debug */,
				5226A9891F02BA4A0080B75D /* Release */,
			);
			defaultConfigurationIsVisible = 0;
			defaultConfigurationName = Release;
		};
		5226A9961F02BD2E0080B75D /* Build configuration list for PBXNativeTarget "StoreTests" */ = {
			isa = XCConfigurationList;
			buildConfigurations = (
				5226A9971F02BD2E0080B75D /* Debug */,
				5226A9981F02BD2E0080B75D /* Release */,
			);
			defaultConfigurationIsVisible = 0;
			defaultConfigurationName = Release;
		};
		529D50181EFDB830001E3062 /* Build configuration list for PBXProject "Tracker" */ = {
			isa = XCConfigurationList;
			buildConfigurations = (
				529D502D1EFDB830001E3062 /* Debug */,
				529D502E1EFDB830001E3062 /* Release */,
			);
			defaultConfigurationIsVisible = 0;
			defaultConfigurationName = Release;
		};
		529D502F1EFDB830001E3062 /* Build configuration list for PBXNativeTarget "Tracker" */ = {
			isa = XCConfigurationList;
			buildConfigurations = (
				529D50301EFDB830001E3062 /* Debug */,
				529D50311EFDB830001E3062 /* Release */,
			);
			defaultConfigurationIsVisible = 0;
			defaultConfigurationName = Release;
		};
		529D50401EFFAED7001E3062 /* Build configuration list for PBXNativeTarget "TrackingHandler" */ = {
			isa = XCConfigurationList;
			buildConfigurations = (
				529D50411EFFAED7001E3062 /* Debug */,
				529D50421EFFAED7001E3062 /* Release */,
			);
			defaultConfigurationIsVisible = 0;
			defaultConfigurationName = Release;
		};
		529D50561EFFB610001E3062 /* Build configuration list for PBXNativeTarget "Model" */ = {
			isa = XCConfigurationList;
			buildConfigurations = (
				529D50571EFFB610001E3062 /* Debug */,
				529D50581EFFB610001E3062 /* Release */,
			);
			defaultConfigurationIsVisible = 0;
			defaultConfigurationName = Release;
		};
		529D506D1EFFBE7D001E3062 /* Build configuration list for PBXNativeTarget "iOSKit" */ = {
			isa = XCConfigurationList;
			buildConfigurations = (
				529D506E1EFFBE7D001E3062 /* Debug */,
				529D506F1EFFBE7D001E3062 /* Release */,
			);
			defaultConfigurationIsVisible = 0;
			defaultConfigurationName = Release;
		};
		529FDDC71F0041A0000E550A /* Build configuration list for PBXNativeTarget "Store" */ = {
			isa = XCConfigurationList;
			buildConfigurations = (
				529FDDC51F0041A0000E550A /* Debug */,
				529FDDC61F0041A0000E550A /* Release */,
			);
			defaultConfigurationIsVisible = 0;
			defaultConfigurationName = Release;
		};
		52E7D79F1F041B3800A0C207 /* Build configuration list for PBXNativeTarget "Keychain" */ = {
			isa = XCConfigurationList;
			buildConfigurations = (
				52E7D7A01F041B3800A0C207 /* Debug */,
				52E7D7A11F041B3800A0C207 /* Release */,
			);
			defaultConfigurationIsVisible = 0;
		};
		52E7D7B41F041B9300A0C207 /* Build configuration list for PBXNativeTarget "Auth" */ = {
			isa = XCConfigurationList;
			buildConfigurations = (
				52E7D7B51F041B9300A0C207 /* Debug */,
				52E7D7B61F041B9300A0C207 /* Release */,
			);
			defaultConfigurationIsVisible = 0;
		};
/* End XCConfigurationList section */

/* Begin XCVersionGroup section */
		529FDDC81F0041CF000E550A /* Journeys.xcdatamodeld */ = {
			isa = XCVersionGroup;
			children = (
				529FDDC91F0041CF000E550A /* Journeys.xcdatamodel */,
			);
			currentVersion = 529FDDC91F0041CF000E550A /* Journeys.xcdatamodel */;
			path = Journeys.xcdatamodeld;
			sourceTree = "<group>";
			versionGroupType = wrapper.xcdatamodel;
		};
/* End XCVersionGroup section */
	};
	rootObject = 529D50151EFDB830001E3062 /* Project object */;
}
